// !$*UTF8*$!
{
	archiveVersion = 1;
	classes = {
	};
	objectVersion = 46;
	objects = {

/* Begin PBXBuildFile section */
		962366C11AAF91FA0008010B /* SoundFX.swift in Sources */ = {isa = PBXBuildFile; fileRef = 962366C01AAF91FA0008010B /* SoundFX.swift */; };
		962366C31AAF940E0008010B /* AVFoundation.framework in Frameworks */ = {isa = PBXBuildFile; fileRef = 962366C21AAF940E0008010B /* AVFoundation.framework */; };
		962BA7581AB63586001579A1 /* ItemBag.swift in Sources */ = {isa = PBXBuildFile; fileRef = 962BA7571AB63586001579A1 /* ItemBag.swift */; };
		9644A91A1AAD771D00FBD86C /* StatusBar.swift in Sources */ = {isa = PBXBuildFile; fileRef = 9644A9191AAD771D00FBD86C /* StatusBar.swift */; };
		9653DB121AAED808005103F8 /* ChooseEggViewController.swift in Sources */ = {isa = PBXBuildFile; fileRef = 9653DB111AAED808005103F8 /* ChooseEggViewController.swift */; };
		9653DB141AAEE328005103F8 /* Egg.swift in Sources */ = {isa = PBXBuildFile; fileRef = 9653DB131AAEE328005103F8 /* Egg.swift */; };
		9653DB211AAEFD8E005103F8 /* itemCell.swift in Sources */ = {isa = PBXBuildFile; fileRef = 9653DB201AAEFD8E005103F8 /* itemCell.swift */; };
		9653DB2B1AAF0B1E005103F8 /* EggObject.swift in Sources */ = {isa = PBXBuildFile; fileRef = 9653DB2A1AAF0B1E005103F8 /* EggObject.swift */; };
		9653DB2D1AAF134F005103F8 /* EggScene.swift in Sources */ = {isa = PBXBuildFile; fileRef = 9653DB2C1AAF134F005103F8 /* EggScene.swift */; };
		966BA6951ABD06AB0054A982 /* buy_button.png in Resources */ = {isa = PBXBuildFile; fileRef = 966BA6921ABD06AB0054A982 /* buy_button.png */; };
		966BA6961ABD06AB0054A982 /* buy_button@2x.png in Resources */ = {isa = PBXBuildFile; fileRef = 966BA6931ABD06AB0054A982 /* buy_button@2x.png */; };
		966BA6971ABD06AB0054A982 /* buy_button@3x.png in Resources */ = {isa = PBXBuildFile; fileRef = 966BA6941ABD06AB0054A982 /* buy_button@3x.png */; };
		9677A23F1AB8FB7C00293F54 /* AlertBox.swift in Sources */ = {isa = PBXBuildFile; fileRef = 9677A23E1AB8FB7C00293F54 /* AlertBox.swift */; };
		96802AC21AA8D1C000B9AAF3 /* AppDelegate.swift in Sources */ = {isa = PBXBuildFile; fileRef = 96802AC11AA8D1C000B9AAF3 /* AppDelegate.swift */; };
		96802AC61AA8D1C000B9AAF3 /* GameScene.swift in Sources */ = {isa = PBXBuildFile; fileRef = 96802AC51AA8D1C000B9AAF3 /* GameScene.swift */; };
		96802AC81AA8D1C000B9AAF3 /* GameViewController.swift in Sources */ = {isa = PBXBuildFile; fileRef = 96802AC71AA8D1C000B9AAF3 /* GameViewController.swift */; };
		96802ACB1AA8D1C000B9AAF3 /* Main.storyboard in Resources */ = {isa = PBXBuildFile; fileRef = 96802AC91AA8D1C000B9AAF3 /* Main.storyboard */; };
		96802ACD1AA8D1C000B9AAF3 /* Images.xcassets in Resources */ = {isa = PBXBuildFile; fileRef = 96802ACC1AA8D1C000B9AAF3 /* Images.xcassets */; };
		96802AD01AA8D1C000B9AAF3 /* LaunchScreen.xib in Resources */ = {isa = PBXBuildFile; fileRef = 96802ACE1AA8D1C000B9AAF3 /* LaunchScreen.xib */; };
		96802ADC1AA8D1C000B9AAF3 /* CrealingsTests.swift in Sources */ = {isa = PBXBuildFile; fileRef = 96802ADB1AA8D1C000B9AAF3 /* CrealingsTests.swift */; };
		96802AE61AA8D27800B9AAF3 /* Crealing.swift in Sources */ = {isa = PBXBuildFile; fileRef = 96802AE51AA8D27800B9AAF3 /* Crealing.swift */; };
		96821DC01ABCEB94007417EF /* LilitaOne-Regular.ttf in Resources */ = {isa = PBXBuildFile; fileRef = 96821D291ABCEB94007417EF /* LilitaOne-Regular.ttf */; };
		96821DC11ABCEB94007417EF /* bEgg.png in Resources */ = {isa = PBXBuildFile; fileRef = 96821D2D1ABCEB94007417EF /* bEgg.png */; };
		96821DC21ABCEB94007417EF /* bEgg@2x.png in Resources */ = {isa = PBXBuildFile; fileRef = 96821D2E1ABCEB94007417EF /* bEgg@2x.png */; };
		96821DC31ABCEB94007417EF /* bEgg@3x.png in Resources */ = {isa = PBXBuildFile; fileRef = 96821D2F1ABCEB94007417EF /* bEgg@3x.png */; };
		96821DC41ABCEB94007417EF /* egg1_crack1.png in Resources */ = {isa = PBXBuildFile; fileRef = 96821D311ABCEB94007417EF /* egg1_crack1.png */; };
		96821DC51ABCEB94007417EF /* egg1_crack1@2x.png in Resources */ = {isa = PBXBuildFile; fileRef = 96821D321ABCEB94007417EF /* egg1_crack1@2x.png */; };
		96821DC61ABCEB94007417EF /* egg1_crack1@3x.png in Resources */ = {isa = PBXBuildFile; fileRef = 96821D331ABCEB94007417EF /* egg1_crack1@3x.png */; };
		96821DC71ABCEB94007417EF /* egg2_crack1.png in Resources */ = {isa = PBXBuildFile; fileRef = 96821D341ABCEB94007417EF /* egg2_crack1.png */; };
		96821DC81ABCEB94007417EF /* egg2_crack1@2x.png in Resources */ = {isa = PBXBuildFile; fileRef = 96821D351ABCEB94007417EF /* egg2_crack1@2x.png */; };
		96821DC91ABCEB94007417EF /* egg2_crack1@3x.png in Resources */ = {isa = PBXBuildFile; fileRef = 96821D361ABCEB94007417EF /* egg2_crack1@3x.png */; };
		96821DCA1ABCEB94007417EF /* egg3_crack1.png in Resources */ = {isa = PBXBuildFile; fileRef = 96821D371ABCEB94007417EF /* egg3_crack1.png */; };
		96821DCB1ABCEB94007417EF /* egg3_crack1@2x.png in Resources */ = {isa = PBXBuildFile; fileRef = 96821D381ABCEB94007417EF /* egg3_crack1@2x.png */; };
		96821DCC1ABCEB94007417EF /* egg3_crack1@3x.png in Resources */ = {isa = PBXBuildFile; fileRef = 96821D391ABCEB94007417EF /* egg3_crack1@3x.png */; };
		96821DCD1ABCEB94007417EF /* bEgg_crack1.atlas in Resources */ = {isa = PBXBuildFile; fileRef = 96821D3A1ABCEB94007417EF /* bEgg_crack1.atlas */; };
		96821DCE1ABCEB94007417EF /* egg1_crack2.png in Resources */ = {isa = PBXBuildFile; fileRef = 96821D3C1ABCEB94007417EF /* egg1_crack2.png */; };
		96821DCF1ABCEB94007417EF /* egg1_crack2@2x.png in Resources */ = {isa = PBXBuildFile; fileRef = 96821D3D1ABCEB94007417EF /* egg1_crack2@2x.png */; };
		96821DD01ABCEB94007417EF /* egg1_crack2@3x.png in Resources */ = {isa = PBXBuildFile; fileRef = 96821D3E1ABCEB94007417EF /* egg1_crack2@3x.png */; };
		96821DD11ABCEB94007417EF /* egg2_crack2.png in Resources */ = {isa = PBXBuildFile; fileRef = 96821D3F1ABCEB94007417EF /* egg2_crack2.png */; };
		96821DD21ABCEB94007417EF /* egg2_crack2@2x.png in Resources */ = {isa = PBXBuildFile; fileRef = 96821D401ABCEB94007417EF /* egg2_crack2@2x.png */; };
		96821DD31ABCEB94007417EF /* egg2_crack2@3x.png in Resources */ = {isa = PBXBuildFile; fileRef = 96821D411ABCEB94007417EF /* egg2_crack2@3x.png */; };
		96821DD41ABCEB94007417EF /* egg3_crack2.png in Resources */ = {isa = PBXBuildFile; fileRef = 96821D421ABCEB94007417EF /* egg3_crack2.png */; };
		96821DD51ABCEB94007417EF /* egg3_crack2@2x.png in Resources */ = {isa = PBXBuildFile; fileRef = 96821D431ABCEB94007417EF /* egg3_crack2@2x.png */; };
		96821DD61ABCEB94007417EF /* egg3_crack2@3x.png in Resources */ = {isa = PBXBuildFile; fileRef = 96821D441ABCEB94007417EF /* egg3_crack2@3x.png */; };
		96821DD71ABCEB94007417EF /* bEgg_crack2.atlas in Resources */ = {isa = PBXBuildFile; fileRef = 96821D451ABCEB94007417EF /* bEgg_crack2.atlas */; };
		96821DD81ABCEB94007417EF /* egg1_crack3.png in Resources */ = {isa = PBXBuildFile; fileRef = 96821D471ABCEB94007417EF /* egg1_crack3.png */; };
		96821DD91ABCEB94007417EF /* egg1_crack3@2x.png in Resources */ = {isa = PBXBuildFile; fileRef = 96821D481ABCEB94007417EF /* egg1_crack3@2x.png */; };
		96821DDA1ABCEB94007417EF /* egg1_crack3@3x.png in Resources */ = {isa = PBXBuildFile; fileRef = 96821D491ABCEB94007417EF /* egg1_crack3@3x.png */; };
		96821DDB1ABCEB94007417EF /* egg2_crack3.png in Resources */ = {isa = PBXBuildFile; fileRef = 96821D4A1ABCEB94007417EF /* egg2_crack3.png */; };
		96821DDC1ABCEB94007417EF /* egg2_crack3@2x.png in Resources */ = {isa = PBXBuildFile; fileRef = 96821D4B1ABCEB94007417EF /* egg2_crack3@2x.png */; };
		96821DDD1ABCEB94007417EF /* egg2_crack3@3x.png in Resources */ = {isa = PBXBuildFile; fileRef = 96821D4C1ABCEB94007417EF /* egg2_crack3@3x.png */; };
		96821DDE1ABCEB94007417EF /* egg3_crack3.png in Resources */ = {isa = PBXBuildFile; fileRef = 96821D4D1ABCEB94007417EF /* egg3_crack3.png */; };
		96821DDF1ABCEB94007417EF /* egg3_crack3@2x.png in Resources */ = {isa = PBXBuildFile; fileRef = 96821D4E1ABCEB94007417EF /* egg3_crack3@2x.png */; };
		96821DE01ABCEB94007417EF /* egg3_crack3@3x.png in Resources */ = {isa = PBXBuildFile; fileRef = 96821D4F1ABCEB94007417EF /* egg3_crack3@3x.png */; };
		96821DE11ABCEB94007417EF /* bEgg_crack3.atlas in Resources */ = {isa = PBXBuildFile; fileRef = 96821D501ABCEB94007417EF /* bEgg_crack3.atlas */; };
		96821DE21ABCEB94007417EF /* bEgg_new.atlas in Resources */ = {isa = PBXBuildFile; fileRef = 96821D511ABCEB94007417EF /* bEgg_new.atlas */; };
		96821DE31ABCEB94007417EF /* bDying.atlas in Resources */ = {isa = PBXBuildFile; fileRef = 96821D531ABCEB94007417EF /* bDying.atlas */; };
		96821DE41ABCEB94007417EF /* bHappy.atlas in Resources */ = {isa = PBXBuildFile; fileRef = 96821D541ABCEB94007417EF /* bHappy.atlas */; };
		96821DE51ABCEB94007417EF /* bMoreHappy.atlas in Resources */ = {isa = PBXBuildFile; fileRef = 96821D551ABCEB94007417EF /* bMoreHappy.atlas */; };
		96821DE61ABCEB94007417EF /* bNeutral.atlas in Resources */ = {isa = PBXBuildFile; fileRef = 96821D561ABCEB94007417EF /* bNeutral.atlas */; };
		96821DE71ABCEB94007417EF /* bSad.atlas in Resources */ = {isa = PBXBuildFile; fileRef = 96821D571ABCEB94007417EF /* bSad.atlas */; };
		96821DE81ABCEB94007417EF /* bUnhappy.atlas in Resources */ = {isa = PBXBuildFile; fileRef = 96821D581ABCEB94007417EF /* bUnhappy.atlas */; };
		96821DE91ABCEB94007417EF /* bVeryHappy.atlas in Resources */ = {isa = PBXBuildFile; fileRef = 96821D591ABCEB94007417EF /* bVeryHappy.atlas */; };
		96821DEA1ABCEB94007417EF /* bVerySad.atlas in Resources */ = {isa = PBXBuildFile; fileRef = 96821D5A1ABCEB94007417EF /* bVerySad.atlas */; };
		96821DEB1ABCEB94007417EF /* dead.png in Resources */ = {isa = PBXBuildFile; fileRef = 96821D5C1ABCEB94007417EF /* dead.png */; };
		96821DEC1ABCEB94007417EF /* dead@2x.png in Resources */ = {isa = PBXBuildFile; fileRef = 96821D5D1ABCEB94007417EF /* dead@2x.png */; };
		96821DED1ABCEB94007417EF /* dead@3x.png in Resources */ = {isa = PBXBuildFile; fileRef = 96821D5E1ABCEB94007417EF /* dead@3x.png */; };
		96821DEE1ABCEB94007417EF /* egg_crack1.atlas in Resources */ = {isa = PBXBuildFile; fileRef = 96821D601ABCEB94007417EF /* egg_crack1.atlas */; };
		96821DEF1ABCEB94007417EF /* egg_crack2.atlas in Resources */ = {isa = PBXBuildFile; fileRef = 96821D611ABCEB94007417EF /* egg_crack2.atlas */; };
		96821DF01ABCEB94007417EF /* egg_crack3.atlas in Resources */ = {isa = PBXBuildFile; fileRef = 96821D621ABCEB94007417EF /* egg_crack3.atlas */; };
		96821DF11ABCEB94007417EF /* egg_new.atlas in Resources */ = {isa = PBXBuildFile; fileRef = 96821D631ABCEB94007417EF /* egg_new.atlas */; };
		96821DF21ABCEB94007417EF /* pEgg.png in Resources */ = {isa = PBXBuildFile; fileRef = 96821D641ABCEB94007417EF /* pEgg.png */; };
		96821DF31ABCEB94007417EF /* pEgg@2x.png in Resources */ = {isa = PBXBuildFile; fileRef = 96821D651ABCEB94007417EF /* pEgg@2x.png */; };
		96821DF41ABCEB94007417EF /* pEgg@3x.png in Resources */ = {isa = PBXBuildFile; fileRef = 96821D661ABCEB94007417EF /* pEgg@3x.png */; };
		96821DF51ABCEB94007417EF /* pEgg_crack1.atlas in Resources */ = {isa = PBXBuildFile; fileRef = 96821D671ABCEB94007417EF /* pEgg_crack1.atlas */; };
		96821DF61ABCEB94007417EF /* pEgg_crack2.atlas in Resources */ = {isa = PBXBuildFile; fileRef = 96821D681ABCEB94007417EF /* pEgg_crack2.atlas */; };
		96821DF71ABCEB94007417EF /* pEgg_crack3.atlas in Resources */ = {isa = PBXBuildFile; fileRef = 96821D691ABCEB94007417EF /* pEgg_crack3.atlas */; };
		96821DF81ABCEB94007417EF /* pEgg_new.atlas in Resources */ = {isa = PBXBuildFile; fileRef = 96821D6A1ABCEB94007417EF /* pEgg_new.atlas */; };
		96821DF91ABCEB94007417EF /* pDying.atlas in Resources */ = {isa = PBXBuildFile; fileRef = 96821D6C1ABCEB94007417EF /* pDying.atlas */; };
		96821DFA1ABCEB94007417EF /* pHappy.atlas in Resources */ = {isa = PBXBuildFile; fileRef = 96821D6D1ABCEB94007417EF /* pHappy.atlas */; };
		96821DFB1ABCEB94007417EF /* pMoreHappy.atlas in Resources */ = {isa = PBXBuildFile; fileRef = 96821D6E1ABCEB94007417EF /* pMoreHappy.atlas */; };
		96821DFC1ABCEB94007417EF /* pNeutral.atlas in Resources */ = {isa = PBXBuildFile; fileRef = 96821D6F1ABCEB94007417EF /* pNeutral.atlas */; };
		96821DFD1ABCEB94007417EF /* pSad.atlas in Resources */ = {isa = PBXBuildFile; fileRef = 96821D701ABCEB94007417EF /* pSad.atlas */; };
		96821DFE1ABCEB94007417EF /* pUnhappy.atlas in Resources */ = {isa = PBXBuildFile; fileRef = 96821D711ABCEB94007417EF /* pUnhappy.atlas */; };
		96821DFF1ABCEB94007417EF /* pVeryHappy.atlas in Resources */ = {isa = PBXBuildFile; fileRef = 96821D721ABCEB94007417EF /* pVeryHappy.atlas */; };
		96821E001ABCEB94007417EF /* pVerySad.atlas in Resources */ = {isa = PBXBuildFile; fileRef = 96821D731ABCEB94007417EF /* pVerySad.atlas */; };
		96821E011ABCEB94007417EF /* water.png in Resources */ = {isa = PBXBuildFile; fileRef = 96821D761ABCEB94007417EF /* water.png */; };
		96821E021ABCEB94007417EF /* water@2x.png in Resources */ = {isa = PBXBuildFile; fileRef = 96821D771ABCEB94007417EF /* water@2x.png */; };
		96821E031ABCEB94007417EF /* water@3x.png in Resources */ = {isa = PBXBuildFile; fileRef = 96821D781ABCEB94007417EF /* water@3x.png */; };
		96821E041ABCEB94007417EF /* apple.png in Resources */ = {isa = PBXBuildFile; fileRef = 96821D7A1ABCEB94007417EF /* apple.png */; };
		96821E051ABCEB94007417EF /* apple@2x.png in Resources */ = {isa = PBXBuildFile; fileRef = 96821D7B1ABCEB94007417EF /* apple@2x.png */; };
		96821E061ABCEB94007417EF /* apple@3x.png in Resources */ = {isa = PBXBuildFile; fileRef = 96821D7C1ABCEB94007417EF /* apple@3x.png */; };
		96821E071ABCEB94007417EF /* ball.png in Resources */ = {isa = PBXBuildFile; fileRef = 96821D7E1ABCEB94007417EF /* ball.png */; };
		96821E081ABCEB94007417EF /* ball@2x.png in Resources */ = {isa = PBXBuildFile; fileRef = 96821D7F1ABCEB94007417EF /* ball@2x.png */; };
		96821E091ABCEB94007417EF /* ball@3x.png in Resources */ = {isa = PBXBuildFile; fileRef = 96821D801ABCEB94007417EF /* ball@3x.png */; };
		96821E0A1ABCEB94007417EF /* alert_box.png in Resources */ = {isa = PBXBuildFile; fileRef = 96821D821ABCEB94007417EF /* alert_box.png */; };
		96821E0B1ABCEB94007417EF /* alert_box@2x.png in Resources */ = {isa = PBXBuildFile; fileRef = 96821D831ABCEB94007417EF /* alert_box@2x.png */; };
		96821E0C1ABCEB94007417EF /* alert_box@3x.png in Resources */ = {isa = PBXBuildFile; fileRef = 96821D841ABCEB94007417EF /* alert_box@3x.png */; };
		96821E0D1ABCEB94007417EF /* back_button.png in Resources */ = {isa = PBXBuildFile; fileRef = 96821D851ABCEB94007417EF /* back_button.png */; };
		96821E0E1ABCEB94007417EF /* back_button@2x.png in Resources */ = {isa = PBXBuildFile; fileRef = 96821D861ABCEB94007417EF /* back_button@2x.png */; };
		96821E0F1ABCEB94007417EF /* back_button@3x.png in Resources */ = {isa = PBXBuildFile; fileRef = 96821D871ABCEB94007417EF /* back_button@3x.png */; };
		96821E101ABCEB94007417EF /* background1.png in Resources */ = {isa = PBXBuildFile; fileRef = 96821D881ABCEB94007417EF /* background1.png */; };
		96821E111ABCEB94007417EF /* background1@2x.png in Resources */ = {isa = PBXBuildFile; fileRef = 96821D891ABCEB94007417EF /* background1@2x.png */; };
		96821E121ABCEB94007417EF /* background_bluepolka.png in Resources */ = {isa = PBXBuildFile; fileRef = 96821D8A1ABCEB94007417EF /* background_bluepolka.png */; };
		96821E131ABCEB94007417EF /* background_bluepolka@2x.png in Resources */ = {isa = PBXBuildFile; fileRef = 96821D8B1ABCEB94007417EF /* background_bluepolka@2x.png */; };
		96821E141ABCEB94007417EF /* background_bluepolka@3x.png in Resources */ = {isa = PBXBuildFile; fileRef = 96821D8C1ABCEB94007417EF /* background_bluepolka@3x.png */; };
		96821E151ABCEB94007417EF /* bag_button.png in Resources */ = {isa = PBXBuildFile; fileRef = 96821D8D1ABCEB94007417EF /* bag_button.png */; };
		96821E161ABCEB94007417EF /* bag_button@2x.png in Resources */ = {isa = PBXBuildFile; fileRef = 96821D8E1ABCEB94007417EF /* bag_button@2x.png */; };
		96821E171ABCEB94007417EF /* bag_button@3x.png in Resources */ = {isa = PBXBuildFile; fileRef = 96821D8F1ABCEB94007417EF /* bag_button@3x.png */; };
		96821E181ABCEB94007417EF /* choose_egg.png in Resources */ = {isa = PBXBuildFile; fileRef = 96821D901ABCEB94007417EF /* choose_egg.png */; };
		96821E191ABCEB94007417EF /* choose_egg@2x.png in Resources */ = {isa = PBXBuildFile; fileRef = 96821D911ABCEB94007417EF /* choose_egg@2x.png */; };
		96821E1A1ABCEB94007417EF /* choose_egg@3x.png in Resources */ = {isa = PBXBuildFile; fileRef = 96821D921ABCEB94007417EF /* choose_egg@3x.png */; };
		96821E1B1ABCEB94007417EF /* exit_button.png in Resources */ = {isa = PBXBuildFile; fileRef = 96821D931ABCEB94007417EF /* exit_button.png */; };
		96821E1C1ABCEB94007417EF /* exit_button@2x.png in Resources */ = {isa = PBXBuildFile; fileRef = 96821D941ABCEB94007417EF /* exit_button@2x.png */; };
		96821E1D1ABCEB94007417EF /* exit_button@3x.png in Resources */ = {isa = PBXBuildFile; fileRef = 96821D951ABCEB94007417EF /* exit_button@3x.png */; };
		96821E1E1ABCEB94007417EF /* game_over.png in Resources */ = {isa = PBXBuildFile; fileRef = 96821D961ABCEB94007417EF /* game_over.png */; };
		96821E1F1ABCEB94007417EF /* game_over@2x.png in Resources */ = {isa = PBXBuildFile; fileRef = 96821D971ABCEB94007417EF /* game_over@2x.png */; };
		96821E201ABCEB94007417EF /* game_over@3x.png in Resources */ = {isa = PBXBuildFile; fileRef = 96821D981ABCEB94007417EF /* game_over@3x.png */; };
		96821E211ABCEB94007417EF /* item_shop_title.png in Resources */ = {isa = PBXBuildFile; fileRef = 96821D991ABCEB94007417EF /* item_shop_title.png */; };
		96821E221ABCEB94007417EF /* item_shop_title@2x.png in Resources */ = {isa = PBXBuildFile; fileRef = 96821D9A1ABCEB94007417EF /* item_shop_title@2x.png */; };
		96821E231ABCEB94007417EF /* item_shop_title@3x.png in Resources */ = {isa = PBXBuildFile; fileRef = 96821D9B1ABCEB94007417EF /* item_shop_title@3x.png */; };
		96821E241ABCEB94007417EF /* logo.png in Resources */ = {isa = PBXBuildFile; fileRef = 96821D9C1ABCEB94007417EF /* logo.png */; };
		96821E251ABCEB94007417EF /* main_hud.png in Resources */ = {isa = PBXBuildFile; fileRef = 96821D9D1ABCEB94007417EF /* main_hud.png */; };
		96821E261ABCEB94007417EF /* main_hud@2x.png in Resources */ = {isa = PBXBuildFile; fileRef = 96821D9E1ABCEB94007417EF /* main_hud@2x.png */; };
		96821E271ABCEB94007417EF /* main_hud@3x.png in Resources */ = {isa = PBXBuildFile; fileRef = 96821D9F1ABCEB94007417EF /* main_hud@3x.png */; };
		96821E281ABCEB94007417EF /* shop_shelf.png in Resources */ = {isa = PBXBuildFile; fileRef = 96821DA01ABCEB94007417EF /* shop_shelf.png */; };
		96821E291ABCEB94007417EF /* shop_shelf@2x.png in Resources */ = {isa = PBXBuildFile; fileRef = 96821DA11ABCEB94007417EF /* shop_shelf@2x.png */; };
		96821E2A1ABCEB94007417EF /* shop_shelf@3x.png in Resources */ = {isa = PBXBuildFile; fileRef = 96821DA21ABCEB94007417EF /* shop_shelf@3x.png */; };
		96821E2B1ABCEB94007417EF /* start.png in Resources */ = {isa = PBXBuildFile; fileRef = 96821DA31ABCEB94007417EF /* start.png */; };
		96821E2C1ABCEB94007417EF /* start@2x.png in Resources */ = {isa = PBXBuildFile; fileRef = 96821DA41ABCEB94007417EF /* start@2x.png */; };
		96821E2D1ABCEB94007417EF /* start@3x.png in Resources */ = {isa = PBXBuildFile; fileRef = 96821DA51ABCEB94007417EF /* start@3x.png */; };
		96821E2E1ABCEB94007417EF /* bar_energy.png in Resources */ = {isa = PBXBuildFile; fileRef = 96821DA71ABCEB94007417EF /* bar_energy.png */; };
		96821E2F1ABCEB94007417EF /* bar_energy@2x.png in Resources */ = {isa = PBXBuildFile; fileRef = 96821DA81ABCEB94007417EF /* bar_energy@2x.png */; };
		96821E301ABCEB94007417EF /* bar_energy@3x.png in Resources */ = {isa = PBXBuildFile; fileRef = 96821DA91ABCEB94007417EF /* bar_energy@3x.png */; };
		96821E311ABCEB94007417EF /* bar_fun.png in Resources */ = {isa = PBXBuildFile; fileRef = 96821DAA1ABCEB94007417EF /* bar_fun.png */; };
		96821E321ABCEB94007417EF /* bar_fun@2x.png in Resources */ = {isa = PBXBuildFile; fileRef = 96821DAB1ABCEB94007417EF /* bar_fun@2x.png */; };
		96821E331ABCEB94007417EF /* bar_fun@3x.png in Resources */ = {isa = PBXBuildFile; fileRef = 96821DAC1ABCEB94007417EF /* bar_fun@3x.png */; };
		96821E341ABCEB94007417EF /* bar_happiness.png in Resources */ = {isa = PBXBuildFile; fileRef = 96821DAD1ABCEB94007417EF /* bar_happiness.png */; };
		96821E351ABCEB94007417EF /* bar_happiness@2x.png in Resources */ = {isa = PBXBuildFile; fileRef = 96821DAE1ABCEB94007417EF /* bar_happiness@2x.png */; };
		96821E361ABCEB94007417EF /* bar_happiness@3x.png in Resources */ = {isa = PBXBuildFile; fileRef = 96821DAF1ABCEB94007417EF /* bar_happiness@3x.png */; };
		96821E371ABCEB94007417EF /* bar_hunger.png in Resources */ = {isa = PBXBuildFile; fileRef = 96821DB01ABCEB94007417EF /* bar_hunger.png */; };
		96821E381ABCEB94007417EF /* bar_hunger@2x.png in Resources */ = {isa = PBXBuildFile; fileRef = 96821DB11ABCEB94007417EF /* bar_hunger@2x.png */; };
		96821E391ABCEB94007417EF /* bar_hunger@3x.png in Resources */ = {isa = PBXBuildFile; fileRef = 96821DB21ABCEB94007417EF /* bar_hunger@3x.png */; };
		96821E3A1ABCEB94007417EF /* bar_hygiene.png in Resources */ = {isa = PBXBuildFile; fileRef = 96821DB31ABCEB94007417EF /* bar_hygiene.png */; };
		96821E3B1ABCEB94007417EF /* bar_hygiene@2x.png in Resources */ = {isa = PBXBuildFile; fileRef = 96821DB41ABCEB94007417EF /* bar_hygiene@2x.png */; };
		96821E3C1ABCEB94007417EF /* bar_hygiene@3x.png in Resources */ = {isa = PBXBuildFile; fileRef = 96821DB51ABCEB94007417EF /* bar_hygiene@3x.png */; };
		96821E3D1ABCEB94007417EF /* bar_thirst.png in Resources */ = {isa = PBXBuildFile; fileRef = 96821DB61ABCEB94007417EF /* bar_thirst.png */; };
		96821E3E1ABCEB94007417EF /* bar_thirst@2x.png in Resources */ = {isa = PBXBuildFile; fileRef = 96821DB71ABCEB94007417EF /* bar_thirst@2x.png */; };
		96821E3F1ABCEB94007417EF /* bar_thirst@3x.png in Resources */ = {isa = PBXBuildFile; fileRef = 96821DB81ABCEB94007417EF /* bar_thirst@3x.png */; };
		96821E401ABCEB94007417EF /* Gradient.atlas in Resources */ = {isa = PBXBuildFile; fileRef = 96821DB91ABCEB94007417EF /* Gradient.atlas */; };
		96821E411ABCEB94007417EF /* gradient.png in Resources */ = {isa = PBXBuildFile; fileRef = 96821DBA1ABCEB94007417EF /* gradient.png */; };
		96821E421ABCEB94007417EF /* gradient@2x.png in Resources */ = {isa = PBXBuildFile; fileRef = 96821DBB1ABCEB94007417EF /* gradient@2x.png */; };
		96821E431ABCEB94007417EF /* gradient@3x.png in Resources */ = {isa = PBXBuildFile; fileRef = 96821DBC1ABCEB94007417EF /* gradient@3x.png */; };
		96821E441ABCEB94007417EF /* eggDrop.wav in Resources */ = {isa = PBXBuildFile; fileRef = 96821DBE1ABCEB94007417EF /* eggDrop.wav */; };
		96821E451ABCEB94007417EF /* triangle.wav in Resources */ = {isa = PBXBuildFile; fileRef = 96821DBF1ABCEB94007417EF /* triangle.wav */; };
		96892C0C1AB8978A0022A13A /* UsableItem.swift in Sources */ = {isa = PBXBuildFile; fileRef = 96892C0B1AB8978A0022A13A /* UsableItem.swift */; };
		96892C0E1AB89E910022A13A /* gameData.plist in Resources */ = {isa = PBXBuildFile; fileRef = 96892C0D1AB89E910022A13A /* gameData.plist */; };
		96892C101AB8A4D10022A13A /* GameData.swift in Sources */ = {isa = PBXBuildFile; fileRef = 96892C0F1AB8A4D10022A13A /* GameData.swift */; };
		96892C131AB8D8990022A13A /* GameScene_TouchesAndCollisions_EXT.swift in Sources */ = {isa = PBXBuildFile; fileRef = 96892C121AB8D8990022A13A /* GameScene_TouchesAndCollisions_EXT.swift */; };
		96DED2B21AB248620099E701 /* SceneManager.swift in Sources */ = {isa = PBXBuildFile; fileRef = 96DED2B11AB248620099E701 /* SceneManager.swift */; };
		96DED2B51AB2539F0099E701 /* GameHUD.swift in Sources */ = {isa = PBXBuildFile; fileRef = 96DED2B41AB2539F0099E701 /* GameHUD.swift */; };
		96DED2BD1AB392A80099E701 /* StatsViewController.swift in Sources */ = {isa = PBXBuildFile; fileRef = 96DED2BC1AB392A80099E701 /* StatsViewController.swift */; };
		96DED2C51AB46F690099E701 /* ShopViewController.swift in Sources */ = {isa = PBXBuildFile; fileRef = 96DED2C41AB46F690099E701 /* ShopViewController.swift */; };
		96EA6F3B1AB7A5C00095247E /* NewGameViewController.swift in Sources */ = {isa = PBXBuildFile; fileRef = 96EA6F3A1AB7A5C00095247E /* NewGameViewController.swift */; };
		96F35FD01AAE7BE700105F55 /* Status.swift in Sources */ = {isa = PBXBuildFile; fileRef = 96F35FCF1AAE7BE700105F55 /* Status.swift */; };
		96F35FD41AAE956100105F55 /* StartViewController.swift in Sources */ = {isa = PBXBuildFile; fileRef = 96F35FD31AAE956100105F55 /* StartViewController.swift */; };
/* End PBXBuildFile section */

/* Begin PBXContainerItemProxy section */
		96802AD61AA8D1C000B9AAF3 /* PBXContainerItemProxy */ = {
			isa = PBXContainerItemProxy;
			containerPortal = 96802AB41AA8D1C000B9AAF3 /* Project object */;
			proxyType = 1;
			remoteGlobalIDString = 96802ABB1AA8D1C000B9AAF3;
			remoteInfo = Crealings;
		};
/* End PBXContainerItemProxy section */

/* Begin PBXFileReference section */
		962366C01AAF91FA0008010B /* SoundFX.swift */ = {isa = PBXFileReference; fileEncoding = 4; lastKnownFileType = sourcecode.swift; path = SoundFX.swift; sourceTree = "<group>"; };
		962366C21AAF940E0008010B /* AVFoundation.framework */ = {isa = PBXFileReference; lastKnownFileType = wrapper.framework; name = AVFoundation.framework; path = System/Library/Frameworks/AVFoundation.framework; sourceTree = SDKROOT; };
		962BA7571AB63586001579A1 /* ItemBag.swift */ = {isa = PBXFileReference; fileEncoding = 4; lastKnownFileType = sourcecode.swift; path = ItemBag.swift; sourceTree = "<group>"; };
		9644A9191AAD771D00FBD86C /* StatusBar.swift */ = {isa = PBXFileReference; fileEncoding = 4; lastKnownFileType = sourcecode.swift; path = StatusBar.swift; sourceTree = "<group>"; };
		9653DB111AAED808005103F8 /* ChooseEggViewController.swift */ = {isa = PBXFileReference; fileEncoding = 4; lastKnownFileType = sourcecode.swift; path = ChooseEggViewController.swift; sourceTree = "<group>"; };
		9653DB131AAEE328005103F8 /* Egg.swift */ = {isa = PBXFileReference; fileEncoding = 4; lastKnownFileType = sourcecode.swift; path = Egg.swift; sourceTree = "<group>"; };
		9653DB201AAEFD8E005103F8 /* itemCell.swift */ = {isa = PBXFileReference; fileEncoding = 4; lastKnownFileType = sourcecode.swift; path = itemCell.swift; sourceTree = "<group>"; };
		9653DB2A1AAF0B1E005103F8 /* EggObject.swift */ = {isa = PBXFileReference; fileEncoding = 4; lastKnownFileType = sourcecode.swift; path = EggObject.swift; sourceTree = "<group>"; };
		9653DB2C1AAF134F005103F8 /* EggScene.swift */ = {isa = PBXFileReference; fileEncoding = 4; lastKnownFileType = sourcecode.swift; path = EggScene.swift; sourceTree = "<group>"; };
		966BA6921ABD06AB0054A982 /* buy_button.png */ = {isa = PBXFileReference; lastKnownFileType = image.png; path = buy_button.png; sourceTree = "<group>"; };
		966BA6931ABD06AB0054A982 /* buy_button@2x.png */ = {isa = PBXFileReference; lastKnownFileType = image.png; path = "buy_button@2x.png"; sourceTree = "<group>"; };
		966BA6941ABD06AB0054A982 /* buy_button@3x.png */ = {isa = PBXFileReference; lastKnownFileType = image.png; path = "buy_button@3x.png"; sourceTree = "<group>"; };
		9677A23E1AB8FB7C00293F54 /* AlertBox.swift */ = {isa = PBXFileReference; fileEncoding = 4; lastKnownFileType = sourcecode.swift; path = AlertBox.swift; sourceTree = "<group>"; };
		96802ABC1AA8D1C000B9AAF3 /* Crealings.app */ = {isa = PBXFileReference; explicitFileType = wrapper.application; includeInIndex = 0; path = Crealings.app; sourceTree = BUILT_PRODUCTS_DIR; };
		96802AC01AA8D1C000B9AAF3 /* Info.plist */ = {isa = PBXFileReference; lastKnownFileType = text.plist.xml; path = Info.plist; sourceTree = "<group>"; };
		96802AC11AA8D1C000B9AAF3 /* AppDelegate.swift */ = {isa = PBXFileReference; lastKnownFileType = sourcecode.swift; path = AppDelegate.swift; sourceTree = "<group>"; };
		96802AC51AA8D1C000B9AAF3 /* GameScene.swift */ = {isa = PBXFileReference; lastKnownFileType = sourcecode.swift; path = GameScene.swift; sourceTree = "<group>"; };
		96802AC71AA8D1C000B9AAF3 /* GameViewController.swift */ = {isa = PBXFileReference; lastKnownFileType = sourcecode.swift; path = GameViewController.swift; sourceTree = "<group>"; };
		96802ACA1AA8D1C000B9AAF3 /* Base */ = {isa = PBXFileReference; lastKnownFileType = file.storyboard; name = Base; path = Base.lproj/Main.storyboard; sourceTree = "<group>"; };
		96802ACC1AA8D1C000B9AAF3 /* Images.xcassets */ = {isa = PBXFileReference; lastKnownFileType = folder.assetcatalog; path = Images.xcassets; sourceTree = "<group>"; };
		96802ACF1AA8D1C000B9AAF3 /* Base */ = {isa = PBXFileReference; lastKnownFileType = file.xib; name = Base; path = Base.lproj/LaunchScreen.xib; sourceTree = "<group>"; };
		96802AD51AA8D1C000B9AAF3 /* CrealingsTests.xctest */ = {isa = PBXFileReference; explicitFileType = wrapper.cfbundle; includeInIndex = 0; path = CrealingsTests.xctest; sourceTree = BUILT_PRODUCTS_DIR; };
		96802ADA1AA8D1C000B9AAF3 /* Info.plist */ = {isa = PBXFileReference; lastKnownFileType = text.plist.xml; path = Info.plist; sourceTree = "<group>"; };
		96802ADB1AA8D1C000B9AAF3 /* CrealingsTests.swift */ = {isa = PBXFileReference; lastKnownFileType = sourcecode.swift; path = CrealingsTests.swift; sourceTree = "<group>"; };
		96802AE51AA8D27800B9AAF3 /* Crealing.swift */ = {isa = PBXFileReference; fileEncoding = 4; lastKnownFileType = sourcecode.swift; path = Crealing.swift; sourceTree = "<group>"; };
		96821D291ABCEB94007417EF /* LilitaOne-Regular.ttf */ = {isa = PBXFileReference; lastKnownFileType = file; path = "LilitaOne-Regular.ttf"; sourceTree = "<group>"; };
		96821D2D1ABCEB94007417EF /* bEgg.png */ = {isa = PBXFileReference; lastKnownFileType = image.png; path = bEgg.png; sourceTree = "<group>"; };
		96821D2E1ABCEB94007417EF /* bEgg@2x.png */ = {isa = PBXFileReference; lastKnownFileType = image.png; path = "bEgg@2x.png"; sourceTree = "<group>"; };
		96821D2F1ABCEB94007417EF /* bEgg@3x.png */ = {isa = PBXFileReference; lastKnownFileType = image.png; path = "bEgg@3x.png"; sourceTree = "<group>"; };
		96821D311ABCEB94007417EF /* egg1_crack1.png */ = {isa = PBXFileReference; lastKnownFileType = image.png; path = egg1_crack1.png; sourceTree = "<group>"; };
		96821D321ABCEB94007417EF /* egg1_crack1@2x.png */ = {isa = PBXFileReference; lastKnownFileType = image.png; path = "egg1_crack1@2x.png"; sourceTree = "<group>"; };
		96821D331ABCEB94007417EF /* egg1_crack1@3x.png */ = {isa = PBXFileReference; lastKnownFileType = image.png; path = "egg1_crack1@3x.png"; sourceTree = "<group>"; };
		96821D341ABCEB94007417EF /* egg2_crack1.png */ = {isa = PBXFileReference; lastKnownFileType = image.png; path = egg2_crack1.png; sourceTree = "<group>"; };
		96821D351ABCEB94007417EF /* egg2_crack1@2x.png */ = {isa = PBXFileReference; lastKnownFileType = image.png; path = "egg2_crack1@2x.png"; sourceTree = "<group>"; };
		96821D361ABCEB94007417EF /* egg2_crack1@3x.png */ = {isa = PBXFileReference; lastKnownFileType = image.png; path = "egg2_crack1@3x.png"; sourceTree = "<group>"; };
		96821D371ABCEB94007417EF /* egg3_crack1.png */ = {isa = PBXFileReference; lastKnownFileType = image.png; path = egg3_crack1.png; sourceTree = "<group>"; };
		96821D381ABCEB94007417EF /* egg3_crack1@2x.png */ = {isa = PBXFileReference; lastKnownFileType = image.png; path = "egg3_crack1@2x.png"; sourceTree = "<group>"; };
		96821D391ABCEB94007417EF /* egg3_crack1@3x.png */ = {isa = PBXFileReference; lastKnownFileType = image.png; path = "egg3_crack1@3x.png"; sourceTree = "<group>"; };
		96821D3A1ABCEB94007417EF /* bEgg_crack1.atlas */ = {isa = PBXFileReference; lastKnownFileType = folder.skatlas; path = bEgg_crack1.atlas; sourceTree = "<group>"; };
		96821D3C1ABCEB94007417EF /* egg1_crack2.png */ = {isa = PBXFileReference; lastKnownFileType = image.png; path = egg1_crack2.png; sourceTree = "<group>"; };
		96821D3D1ABCEB94007417EF /* egg1_crack2@2x.png */ = {isa = PBXFileReference; lastKnownFileType = image.png; path = "egg1_crack2@2x.png"; sourceTree = "<group>"; };
		96821D3E1ABCEB94007417EF /* egg1_crack2@3x.png */ = {isa = PBXFileReference; lastKnownFileType = image.png; path = "egg1_crack2@3x.png"; sourceTree = "<group>"; };
		96821D3F1ABCEB94007417EF /* egg2_crack2.png */ = {isa = PBXFileReference; lastKnownFileType = image.png; path = egg2_crack2.png; sourceTree = "<group>"; };
		96821D401ABCEB94007417EF /* egg2_crack2@2x.png */ = {isa = PBXFileReference; lastKnownFileType = image.png; path = "egg2_crack2@2x.png"; sourceTree = "<group>"; };
		96821D411ABCEB94007417EF /* egg2_crack2@3x.png */ = {isa = PBXFileReference; lastKnownFileType = image.png; path = "egg2_crack2@3x.png"; sourceTree = "<group>"; };
		96821D421ABCEB94007417EF /* egg3_crack2.png */ = {isa = PBXFileReference; lastKnownFileType = image.png; path = egg3_crack2.png; sourceTree = "<group>"; };
		96821D431ABCEB94007417EF /* egg3_crack2@2x.png */ = {isa = PBXFileReference; lastKnownFileType = image.png; path = "egg3_crack2@2x.png"; sourceTree = "<group>"; };
		96821D441ABCEB94007417EF /* egg3_crack2@3x.png */ = {isa = PBXFileReference; lastKnownFileType = image.png; path = "egg3_crack2@3x.png"; sourceTree = "<group>"; };
		96821D451ABCEB94007417EF /* bEgg_crack2.atlas */ = {isa = PBXFileReference; lastKnownFileType = folder.skatlas; path = bEgg_crack2.atlas; sourceTree = "<group>"; };
		96821D471ABCEB94007417EF /* egg1_crack3.png */ = {isa = PBXFileReference; lastKnownFileType = image.png; path = egg1_crack3.png; sourceTree = "<group>"; };
		96821D481ABCEB94007417EF /* egg1_crack3@2x.png */ = {isa = PBXFileReference; lastKnownFileType = image.png; path = "egg1_crack3@2x.png"; sourceTree = "<group>"; };
		96821D491ABCEB94007417EF /* egg1_crack3@3x.png */ = {isa = PBXFileReference; lastKnownFileType = image.png; path = "egg1_crack3@3x.png"; sourceTree = "<group>"; };
		96821D4A1ABCEB94007417EF /* egg2_crack3.png */ = {isa = PBXFileReference; lastKnownFileType = image.png; path = egg2_crack3.png; sourceTree = "<group>"; };
		96821D4B1ABCEB94007417EF /* egg2_crack3@2x.png */ = {isa = PBXFileReference; lastKnownFileType = image.png; path = "egg2_crack3@2x.png"; sourceTree = "<group>"; };
		96821D4C1ABCEB94007417EF /* egg2_crack3@3x.png */ = {isa = PBXFileReference; lastKnownFileType = image.png; path = "egg2_crack3@3x.png"; sourceTree = "<group>"; };
		96821D4D1ABCEB94007417EF /* egg3_crack3.png */ = {isa = PBXFileReference; lastKnownFileType = image.png; path = egg3_crack3.png; sourceTree = "<group>"; };
		96821D4E1ABCEB94007417EF /* egg3_crack3@2x.png */ = {isa = PBXFileReference; lastKnownFileType = image.png; path = "egg3_crack3@2x.png"; sourceTree = "<group>"; };
		96821D4F1ABCEB94007417EF /* egg3_crack3@3x.png */ = {isa = PBXFileReference; lastKnownFileType = image.png; path = "egg3_crack3@3x.png"; sourceTree = "<group>"; };
		96821D501ABCEB94007417EF /* bEgg_crack3.atlas */ = {isa = PBXFileReference; lastKnownFileType = folder.skatlas; path = bEgg_crack3.atlas; sourceTree = "<group>"; };
		96821D511ABCEB94007417EF /* bEgg_new.atlas */ = {isa = PBXFileReference; lastKnownFileType = folder.skatlas; path = bEgg_new.atlas; sourceTree = "<group>"; };
		96821D531ABCEB94007417EF /* bDying.atlas */ = {isa = PBXFileReference; lastKnownFileType = folder.skatlas; path = bDying.atlas; sourceTree = "<group>"; };
		96821D541ABCEB94007417EF /* bHappy.atlas */ = {isa = PBXFileReference; lastKnownFileType = folder.skatlas; path = bHappy.atlas; sourceTree = "<group>"; };
		96821D551ABCEB94007417EF /* bMoreHappy.atlas */ = {isa = PBXFileReference; lastKnownFileType = folder.skatlas; path = bMoreHappy.atlas; sourceTree = "<group>"; };
		96821D561ABCEB94007417EF /* bNeutral.atlas */ = {isa = PBXFileReference; lastKnownFileType = folder.skatlas; path = bNeutral.atlas; sourceTree = "<group>"; };
		96821D571ABCEB94007417EF /* bSad.atlas */ = {isa = PBXFileReference; lastKnownFileType = folder.skatlas; path = bSad.atlas; sourceTree = "<group>"; };
		96821D581ABCEB94007417EF /* bUnhappy.atlas */ = {isa = PBXFileReference; lastKnownFileType = folder.skatlas; path = bUnhappy.atlas; sourceTree = "<group>"; };
		96821D591ABCEB94007417EF /* bVeryHappy.atlas */ = {isa = PBXFileReference; lastKnownFileType = folder.skatlas; path = bVeryHappy.atlas; sourceTree = "<group>"; };
		96821D5A1ABCEB94007417EF /* bVerySad.atlas */ = {isa = PBXFileReference; lastKnownFileType = folder.skatlas; path = bVerySad.atlas; sourceTree = "<group>"; };
		96821D5C1ABCEB94007417EF /* dead.png */ = {isa = PBXFileReference; lastKnownFileType = image.png; path = dead.png; sourceTree = "<group>"; };
		96821D5D1ABCEB94007417EF /* dead@2x.png */ = {isa = PBXFileReference; lastKnownFileType = image.png; path = "dead@2x.png"; sourceTree = "<group>"; };
		96821D5E1ABCEB94007417EF /* dead@3x.png */ = {isa = PBXFileReference; lastKnownFileType = image.png; path = "dead@3x.png"; sourceTree = "<group>"; };
		96821D601ABCEB94007417EF /* egg_crack1.atlas */ = {isa = PBXFileReference; lastKnownFileType = folder.skatlas; path = egg_crack1.atlas; sourceTree = "<group>"; };
		96821D611ABCEB94007417EF /* egg_crack2.atlas */ = {isa = PBXFileReference; lastKnownFileType = folder.skatlas; path = egg_crack2.atlas; sourceTree = "<group>"; };
		96821D621ABCEB94007417EF /* egg_crack3.atlas */ = {isa = PBXFileReference; lastKnownFileType = folder.skatlas; path = egg_crack3.atlas; sourceTree = "<group>"; };
		96821D631ABCEB94007417EF /* egg_new.atlas */ = {isa = PBXFileReference; lastKnownFileType = folder.skatlas; path = egg_new.atlas; sourceTree = "<group>"; };
		96821D641ABCEB94007417EF /* pEgg.png */ = {isa = PBXFileReference; lastKnownFileType = image.png; path = pEgg.png; sourceTree = "<group>"; };
		96821D651ABCEB94007417EF /* pEgg@2x.png */ = {isa = PBXFileReference; lastKnownFileType = image.png; path = "pEgg@2x.png"; sourceTree = "<group>"; };
		96821D661ABCEB94007417EF /* pEgg@3x.png */ = {isa = PBXFileReference; lastKnownFileType = image.png; path = "pEgg@3x.png"; sourceTree = "<group>"; };
		96821D671ABCEB94007417EF /* pEgg_crack1.atlas */ = {isa = PBXFileReference; lastKnownFileType = folder.skatlas; path = pEgg_crack1.atlas; sourceTree = "<group>"; };
		96821D681ABCEB94007417EF /* pEgg_crack2.atlas */ = {isa = PBXFileReference; lastKnownFileType = folder.skatlas; path = pEgg_crack2.atlas; sourceTree = "<group>"; };
		96821D691ABCEB94007417EF /* pEgg_crack3.atlas */ = {isa = PBXFileReference; lastKnownFileType = folder.skatlas; path = pEgg_crack3.atlas; sourceTree = "<group>"; };
		96821D6A1ABCEB94007417EF /* pEgg_new.atlas */ = {isa = PBXFileReference; lastKnownFileType = folder.skatlas; path = pEgg_new.atlas; sourceTree = "<group>"; };
		96821D6C1ABCEB94007417EF /* pDying.atlas */ = {isa = PBXFileReference; lastKnownFileType = folder.skatlas; path = pDying.atlas; sourceTree = "<group>"; };
		96821D6D1ABCEB94007417EF /* pHappy.atlas */ = {isa = PBXFileReference; lastKnownFileType = folder.skatlas; path = pHappy.atlas; sourceTree = "<group>"; };
		96821D6E1ABCEB94007417EF /* pMoreHappy.atlas */ = {isa = PBXFileReference; lastKnownFileType = folder.skatlas; path = pMoreHappy.atlas; sourceTree = "<group>"; };
		96821D6F1ABCEB94007417EF /* pNeutral.atlas */ = {isa = PBXFileReference; lastKnownFileType = folder.skatlas; path = pNeutral.atlas; sourceTree = "<group>"; };
		96821D701ABCEB94007417EF /* pSad.atlas */ = {isa = PBXFileReference; lastKnownFileType = folder.skatlas; path = pSad.atlas; sourceTree = "<group>"; };
		96821D711ABCEB94007417EF /* pUnhappy.atlas */ = {isa = PBXFileReference; lastKnownFileType = folder.skatlas; path = pUnhappy.atlas; sourceTree = "<group>"; };
		96821D721ABCEB94007417EF /* pVeryHappy.atlas */ = {isa = PBXFileReference; lastKnownFileType = folder.skatlas; path = pVeryHappy.atlas; sourceTree = "<group>"; };
		96821D731ABCEB94007417EF /* pVerySad.atlas */ = {isa = PBXFileReference; lastKnownFileType = folder.skatlas; path = pVerySad.atlas; sourceTree = "<group>"; };
		96821D761ABCEB94007417EF /* water.png */ = {isa = PBXFileReference; lastKnownFileType = image.png; path = water.png; sourceTree = "<group>"; };
		96821D771ABCEB94007417EF /* water@2x.png */ = {isa = PBXFileReference; lastKnownFileType = image.png; path = "water@2x.png"; sourceTree = "<group>"; };
		96821D781ABCEB94007417EF /* water@3x.png */ = {isa = PBXFileReference; lastKnownFileType = image.png; path = "water@3x.png"; sourceTree = "<group>"; };
		96821D7A1ABCEB94007417EF /* apple.png */ = {isa = PBXFileReference; lastKnownFileType = image.png; path = apple.png; sourceTree = "<group>"; };
		96821D7B1ABCEB94007417EF /* apple@2x.png */ = {isa = PBXFileReference; lastKnownFileType = image.png; path = "apple@2x.png"; sourceTree = "<group>"; };
		96821D7C1ABCEB94007417EF /* apple@3x.png */ = {isa = PBXFileReference; lastKnownFileType = image.png; path = "apple@3x.png"; sourceTree = "<group>"; };
		96821D7E1ABCEB94007417EF /* ball.png */ = {isa = PBXFileReference; lastKnownFileType = image.png; path = ball.png; sourceTree = "<group>"; };
		96821D7F1ABCEB94007417EF /* ball@2x.png */ = {isa = PBXFileReference; lastKnownFileType = image.png; path = "ball@2x.png"; sourceTree = "<group>"; };
		96821D801ABCEB94007417EF /* ball@3x.png */ = {isa = PBXFileReference; lastKnownFileType = image.png; path = "ball@3x.png"; sourceTree = "<group>"; };
		96821D821ABCEB94007417EF /* alert_box.png */ = {isa = PBXFileReference; lastKnownFileType = image.png; path = alert_box.png; sourceTree = "<group>"; };
		96821D831ABCEB94007417EF /* alert_box@2x.png */ = {isa = PBXFileReference; lastKnownFileType = image.png; path = "alert_box@2x.png"; sourceTree = "<group>"; };
		96821D841ABCEB94007417EF /* alert_box@3x.png */ = {isa = PBXFileReference; lastKnownFileType = image.png; path = "alert_box@3x.png"; sourceTree = "<group>"; };
		96821D851ABCEB94007417EF /* back_button.png */ = {isa = PBXFileReference; lastKnownFileType = image.png; path = back_button.png; sourceTree = "<group>"; };
		96821D861ABCEB94007417EF /* back_button@2x.png */ = {isa = PBXFileReference; lastKnownFileType = image.png; path = "back_button@2x.png"; sourceTree = "<group>"; };
		96821D871ABCEB94007417EF /* back_button@3x.png */ = {isa = PBXFileReference; lastKnownFileType = image.png; path = "back_button@3x.png"; sourceTree = "<group>"; };
		96821D881ABCEB94007417EF /* background1.png */ = {isa = PBXFileReference; lastKnownFileType = image.png; path = background1.png; sourceTree = "<group>"; };
		96821D891ABCEB94007417EF /* background1@2x.png */ = {isa = PBXFileReference; lastKnownFileType = image.png; path = "background1@2x.png"; sourceTree = "<group>"; };
		96821D8A1ABCEB94007417EF /* background_bluepolka.png */ = {isa = PBXFileReference; lastKnownFileType = image.png; path = background_bluepolka.png; sourceTree = "<group>"; };
		96821D8B1ABCEB94007417EF /* background_bluepolka@2x.png */ = {isa = PBXFileReference; lastKnownFileType = image.png; path = "background_bluepolka@2x.png"; sourceTree = "<group>"; };
		96821D8C1ABCEB94007417EF /* background_bluepolka@3x.png */ = {isa = PBXFileReference; lastKnownFileType = image.png; path = "background_bluepolka@3x.png"; sourceTree = "<group>"; };
		96821D8D1ABCEB94007417EF /* bag_button.png */ = {isa = PBXFileReference; lastKnownFileType = image.png; path = bag_button.png; sourceTree = "<group>"; };
		96821D8E1ABCEB94007417EF /* bag_button@2x.png */ = {isa = PBXFileReference; lastKnownFileType = image.png; path = "bag_button@2x.png"; sourceTree = "<group>"; };
		96821D8F1ABCEB94007417EF /* bag_button@3x.png */ = {isa = PBXFileReference; lastKnownFileType = image.png; path = "bag_button@3x.png"; sourceTree = "<group>"; };
		96821D901ABCEB94007417EF /* choose_egg.png */ = {isa = PBXFileReference; lastKnownFileType = image.png; path = choose_egg.png; sourceTree = "<group>"; };
		96821D911ABCEB94007417EF /* choose_egg@2x.png */ = {isa = PBXFileReference; lastKnownFileType = image.png; path = "choose_egg@2x.png"; sourceTree = "<group>"; };
		96821D921ABCEB94007417EF /* choose_egg@3x.png */ = {isa = PBXFileReference; lastKnownFileType = image.png; path = "choose_egg@3x.png"; sourceTree = "<group>"; };
		96821D931ABCEB94007417EF /* exit_button.png */ = {isa = PBXFileReference; lastKnownFileType = image.png; path = exit_button.png; sourceTree = "<group>"; };
		96821D941ABCEB94007417EF /* exit_button@2x.png */ = {isa = PBXFileReference; lastKnownFileType = image.png; path = "exit_button@2x.png"; sourceTree = "<group>"; };
		96821D951ABCEB94007417EF /* exit_button@3x.png */ = {isa = PBXFileReference; lastKnownFileType = image.png; path = "exit_button@3x.png"; sourceTree = "<group>"; };
		96821D961ABCEB94007417EF /* game_over.png */ = {isa = PBXFileReference; lastKnownFileType = image.png; path = game_over.png; sourceTree = "<group>"; };
		96821D971ABCEB94007417EF /* game_over@2x.png */ = {isa = PBXFileReference; lastKnownFileType = image.png; path = "game_over@2x.png"; sourceTree = "<group>"; };
		96821D981ABCEB94007417EF /* game_over@3x.png */ = {isa = PBXFileReference; lastKnownFileType = image.png; path = "game_over@3x.png"; sourceTree = "<group>"; };
		96821D991ABCEB94007417EF /* item_shop_title.png */ = {isa = PBXFileReference; lastKnownFileType = image.png; path = item_shop_title.png; sourceTree = "<group>"; };
		96821D9A1ABCEB94007417EF /* item_shop_title@2x.png */ = {isa = PBXFileReference; lastKnownFileType = image.png; path = "item_shop_title@2x.png"; sourceTree = "<group>"; };
		96821D9B1ABCEB94007417EF /* item_shop_title@3x.png */ = {isa = PBXFileReference; lastKnownFileType = image.png; path = "item_shop_title@3x.png"; sourceTree = "<group>"; };
		96821D9C1ABCEB94007417EF /* logo.png */ = {isa = PBXFileReference; lastKnownFileType = image.png; path = logo.png; sourceTree = "<group>"; };
		96821D9D1ABCEB94007417EF /* main_hud.png */ = {isa = PBXFileReference; lastKnownFileType = image.png; path = main_hud.png; sourceTree = "<group>"; };
		96821D9E1ABCEB94007417EF /* main_hud@2x.png */ = {isa = PBXFileReference; lastKnownFileType = image.png; path = "main_hud@2x.png"; sourceTree = "<group>"; };
		96821D9F1ABCEB94007417EF /* main_hud@3x.png */ = {isa = PBXFileReference; lastKnownFileType = image.png; path = "main_hud@3x.png"; sourceTree = "<group>"; };
		96821DA01ABCEB94007417EF /* shop_shelf.png */ = {isa = PBXFileReference; lastKnownFileType = image.png; path = shop_shelf.png; sourceTree = "<group>"; };
		96821DA11ABCEB94007417EF /* shop_shelf@2x.png */ = {isa = PBXFileReference; lastKnownFileType = image.png; path = "shop_shelf@2x.png"; sourceTree = "<group>"; };
		96821DA21ABCEB94007417EF /* shop_shelf@3x.png */ = {isa = PBXFileReference; lastKnownFileType = image.png; path = "shop_shelf@3x.png"; sourceTree = "<group>"; };
		96821DA31ABCEB94007417EF /* start.png */ = {isa = PBXFileReference; lastKnownFileType = image.png; path = start.png; sourceTree = "<group>"; };
		96821DA41ABCEB94007417EF /* start@2x.png */ = {isa = PBXFileReference; lastKnownFileType = image.png; path = "start@2x.png"; sourceTree = "<group>"; };
		96821DA51ABCEB94007417EF /* start@3x.png */ = {isa = PBXFileReference; lastKnownFileType = image.png; path = "start@3x.png"; sourceTree = "<group>"; };
		96821DA71ABCEB94007417EF /* bar_energy.png */ = {isa = PBXFileReference; lastKnownFileType = image.png; path = bar_energy.png; sourceTree = "<group>"; };
		96821DA81ABCEB94007417EF /* bar_energy@2x.png */ = {isa = PBXFileReference; lastKnownFileType = image.png; path = "bar_energy@2x.png"; sourceTree = "<group>"; };
		96821DA91ABCEB94007417EF /* bar_energy@3x.png */ = {isa = PBXFileReference; lastKnownFileType = image.png; path = "bar_energy@3x.png"; sourceTree = "<group>"; };
		96821DAA1ABCEB94007417EF /* bar_fun.png */ = {isa = PBXFileReference; lastKnownFileType = image.png; path = bar_fun.png; sourceTree = "<group>"; };
		96821DAB1ABCEB94007417EF /* bar_fun@2x.png */ = {isa = PBXFileReference; lastKnownFileType = image.png; path = "bar_fun@2x.png"; sourceTree = "<group>"; };
		96821DAC1ABCEB94007417EF /* bar_fun@3x.png */ = {isa = PBXFileReference; lastKnownFileType = image.png; path = "bar_fun@3x.png"; sourceTree = "<group>"; };
		96821DAD1ABCEB94007417EF /* bar_happiness.png */ = {isa = PBXFileReference; lastKnownFileType = image.png; path = bar_happiness.png; sourceTree = "<group>"; };
		96821DAE1ABCEB94007417EF /* bar_happiness@2x.png */ = {isa = PBXFileReference; lastKnownFileType = image.png; path = "bar_happiness@2x.png"; sourceTree = "<group>"; };
		96821DAF1ABCEB94007417EF /* bar_happiness@3x.png */ = {isa = PBXFileReference; lastKnownFileType = image.png; path = "bar_happiness@3x.png"; sourceTree = "<group>"; };
		96821DB01ABCEB94007417EF /* bar_hunger.png */ = {isa = PBXFileReference; lastKnownFileType = image.png; path = bar_hunger.png; sourceTree = "<group>"; };
		96821DB11ABCEB94007417EF /* bar_hunger@2x.png */ = {isa = PBXFileReference; lastKnownFileType = image.png; path = "bar_hunger@2x.png"; sourceTree = "<group>"; };
		96821DB21ABCEB94007417EF /* bar_hunger@3x.png */ = {isa = PBXFileReference; lastKnownFileType = image.png; path = "bar_hunger@3x.png"; sourceTree = "<group>"; };
		96821DB31ABCEB94007417EF /* bar_hygiene.png */ = {isa = PBXFileReference; lastKnownFileType = image.png; path = bar_hygiene.png; sourceTree = "<group>"; };
		96821DB41ABCEB94007417EF /* bar_hygiene@2x.png */ = {isa = PBXFileReference; lastKnownFileType = image.png; path = "bar_hygiene@2x.png"; sourceTree = "<group>"; };
		96821DB51ABCEB94007417EF /* bar_hygiene@3x.png */ = {isa = PBXFileReference; lastKnownFileType = image.png; path = "bar_hygiene@3x.png"; sourceTree = "<group>"; };
		96821DB61ABCEB94007417EF /* bar_thirst.png */ = {isa = PBXFileReference; lastKnownFileType = image.png; path = bar_thirst.png; sourceTree = "<group>"; };
		96821DB71ABCEB94007417EF /* bar_thirst@2x.png */ = {isa = PBXFileReference; lastKnownFileType = image.png; path = "bar_thirst@2x.png"; sourceTree = "<group>"; };
		96821DB81ABCEB94007417EF /* bar_thirst@3x.png */ = {isa = PBXFileReference; lastKnownFileType = image.png; path = "bar_thirst@3x.png"; sourceTree = "<group>"; };
		96821DB91ABCEB94007417EF /* Gradient.atlas */ = {isa = PBXFileReference; lastKnownFileType = folder.skatlas; path = Gradient.atlas; sourceTree = "<group>"; };
		96821DBA1ABCEB94007417EF /* gradient.png */ = {isa = PBXFileReference; lastKnownFileType = image.png; path = gradient.png; sourceTree = "<group>"; };
		96821DBB1ABCEB94007417EF /* gradient@2x.png */ = {isa = PBXFileReference; lastKnownFileType = image.png; path = "gradient@2x.png"; sourceTree = "<group>"; };
		96821DBC1ABCEB94007417EF /* gradient@3x.png */ = {isa = PBXFileReference; lastKnownFileType = image.png; path = "gradient@3x.png"; sourceTree = "<group>"; };
		96821DBE1ABCEB94007417EF /* eggDrop.wav */ = {isa = PBXFileReference; lastKnownFileType = audio.wav; path = eggDrop.wav; sourceTree = "<group>"; };
		96821DBF1ABCEB94007417EF /* triangle.wav */ = {isa = PBXFileReference; lastKnownFileType = audio.wav; path = triangle.wav; sourceTree = "<group>"; };
		96892C0B1AB8978A0022A13A /* UsableItem.swift */ = {isa = PBXFileReference; fileEncoding = 4; lastKnownFileType = sourcecode.swift; path = UsableItem.swift; sourceTree = "<group>"; };
		96892C0D1AB89E910022A13A /* gameData.plist */ = {isa = PBXFileReference; fileEncoding = 4; lastKnownFileType = text.plist.xml; path = gameData.plist; sourceTree = "<group>"; };
		96892C0F1AB8A4D10022A13A /* GameData.swift */ = {isa = PBXFileReference; fileEncoding = 4; lastKnownFileType = sourcecode.swift; path = GameData.swift; sourceTree = "<group>"; };
		96892C121AB8D8990022A13A /* GameScene_TouchesAndCollisions_EXT.swift */ = {isa = PBXFileReference; fileEncoding = 4; lastKnownFileType = sourcecode.swift; path = GameScene_TouchesAndCollisions_EXT.swift; sourceTree = "<group>"; };
		96DED2B11AB248620099E701 /* SceneManager.swift */ = {isa = PBXFileReference; fileEncoding = 4; lastKnownFileType = sourcecode.swift; path = SceneManager.swift; sourceTree = "<group>"; };
		96DED2B41AB2539F0099E701 /* GameHUD.swift */ = {isa = PBXFileReference; fileEncoding = 4; lastKnownFileType = sourcecode.swift; path = GameHUD.swift; sourceTree = "<group>"; };
		96DED2BC1AB392A80099E701 /* StatsViewController.swift */ = {isa = PBXFileReference; fileEncoding = 4; lastKnownFileType = sourcecode.swift; path = StatsViewController.swift; sourceTree = "<group>"; };
		96DED2C41AB46F690099E701 /* ShopViewController.swift */ = {isa = PBXFileReference; fileEncoding = 4; lastKnownFileType = sourcecode.swift; path = ShopViewController.swift; sourceTree = "<group>"; };
		96EA6F3A1AB7A5C00095247E /* NewGameViewController.swift */ = {isa = PBXFileReference; fileEncoding = 4; lastKnownFileType = sourcecode.swift; path = NewGameViewController.swift; sourceTree = "<group>"; };
		96F35FCF1AAE7BE700105F55 /* Status.swift */ = {isa = PBXFileReference; fileEncoding = 4; lastKnownFileType = sourcecode.swift; path = Status.swift; sourceTree = "<group>"; };
		96F35FD31AAE956100105F55 /* StartViewController.swift */ = {isa = PBXFileReference; fileEncoding = 4; lastKnownFileType = sourcecode.swift; path = StartViewController.swift; sourceTree = "<group>"; };
/* End PBXFileReference section */

/* Begin PBXFrameworksBuildPhase section */
		96802AB91AA8D1C000B9AAF3 /* Frameworks */ = {
			isa = PBXFrameworksBuildPhase;
			buildActionMask = 2147483647;
			files = (
				962366C31AAF940E0008010B /* AVFoundation.framework in Frameworks */,
			);
			runOnlyForDeploymentPostprocessing = 0;
		};
		96802AD21AA8D1C000B9AAF3 /* Frameworks */ = {
			isa = PBXFrameworksBuildPhase;
			buildActionMask = 2147483647;
			files = (
			);
			runOnlyForDeploymentPostprocessing = 0;
		};
/* End PBXFrameworksBuildPhase section */

/* Begin PBXGroup section */
		96802AB31AA8D1C000B9AAF3 = {
			isa = PBXGroup;
			children = (
				962366C21AAF940E0008010B /* AVFoundation.framework */,
				96821D271ABCEB94007417EF /* Assets */,
				96802ABE1AA8D1C000B9AAF3 /* Crealings */,
				96802AD81AA8D1C000B9AAF3 /* CrealingsTests */,
				96802ABD1AA8D1C000B9AAF3 /* Products */,
			);
			sourceTree = "<group>";
		};
		96802ABD1AA8D1C000B9AAF3 /* Products */ = {
			isa = PBXGroup;
			children = (
				96802ABC1AA8D1C000B9AAF3 /* Crealings.app */,
				96802AD51AA8D1C000B9AAF3 /* CrealingsTests.xctest */,
			);
			name = Products;
			sourceTree = "<group>";
		};
		96802ABE1AA8D1C000B9AAF3 /* Crealings */ = {
			isa = PBXGroup;
			children = (
				96802AC11AA8D1C000B9AAF3 /* AppDelegate.swift */,
				96DED2B11AB248620099E701 /* SceneManager.swift */,
				96F35FD21AAE94CE00105F55 /* View Controllers */,
				96DED2B31AB24B100099E701 /* HUD */,
				96F35FD11AAE94AE00105F55 /* Game */,
				9653DB201AAEFD8E005103F8 /* itemCell.swift */,
				96892C111AB8D7DB0022A13A /* Data */,
				9653DB2A1AAF0B1E005103F8 /* EggObject.swift */,
				962366C01AAF91FA0008010B /* SoundFX.swift */,
				96802AC91AA8D1C000B9AAF3 /* Main.storyboard */,
				96802ACC1AA8D1C000B9AAF3 /* Images.xcassets */,
				96802ACE1AA8D1C000B9AAF3 /* LaunchScreen.xib */,
				96802ABF1AA8D1C000B9AAF3 /* Supporting Files */,
			);
			path = Crealings;
			sourceTree = "<group>";
		};
		96802ABF1AA8D1C000B9AAF3 /* Supporting Files */ = {
			isa = PBXGroup;
			children = (
				96802AC01AA8D1C000B9AAF3 /* Info.plist */,
			);
			name = "Supporting Files";
			sourceTree = "<group>";
		};
		96802AD81AA8D1C000B9AAF3 /* CrealingsTests */ = {
			isa = PBXGroup;
			children = (
				96802ADB1AA8D1C000B9AAF3 /* CrealingsTests.swift */,
				96802AD91AA8D1C000B9AAF3 /* Supporting Files */,
			);
			path = CrealingsTests;
			sourceTree = "<group>";
		};
		96802AD91AA8D1C000B9AAF3 /* Supporting Files */ = {
			isa = PBXGroup;
			children = (
				96802ADA1AA8D1C000B9AAF3 /* Info.plist */,
			);
			name = "Supporting Files";
			sourceTree = "<group>";
		};
		96821D271ABCEB94007417EF /* Assets */ = {
			isa = PBXGroup;
			children = (
				96821D281ABCEB94007417EF /* Fonts */,
				96821D2A1ABCEB94007417EF /* Images */,
				96821DBD1ABCEB94007417EF /* Sounds */,
			);
			name = Assets;
			path = Crealings/Assets;
			sourceTree = "<group>";
		};
		96821D281ABCEB94007417EF /* Fonts */ = {
			isa = PBXGroup;
			children = (
				96821D291ABCEB94007417EF /* LilitaOne-Regular.ttf */,
			);
			path = Fonts;
			sourceTree = "<group>";
		};
		96821D2A1ABCEB94007417EF /* Images */ = {
			isa = PBXGroup;
			children = (
				96821D2B1ABCEB94007417EF /* Crealing */,
				96821D741ABCEB94007417EF /* Items */,
				96821D811ABCEB94007417EF /* UI */,
			);
			path = Images;
			sourceTree = "<group>";
		};
		96821D2B1ABCEB94007417EF /* Crealing */ = {
			isa = PBXGroup;
			children = (
				96821D2C1ABCEB94007417EF /* bEgg */,
				96821D521ABCEB94007417EF /* bHatchling */,
				96821D5B1ABCEB94007417EF /* dead */,
				96821D5F1ABCEB94007417EF /* pEgg */,
				96821D6B1ABCEB94007417EF /* PHatchling */,
			);
			path = Crealing;
			sourceTree = "<group>";
		};
		96821D2C1ABCEB94007417EF /* bEgg */ = {
			isa = PBXGroup;
			children = (
				96821D2D1ABCEB94007417EF /* bEgg.png */,
				96821D2E1ABCEB94007417EF /* bEgg@2x.png */,
				96821D2F1ABCEB94007417EF /* bEgg@3x.png */,
				96821D301ABCEB94007417EF /* bEgg_crack1 */,
				96821D3A1ABCEB94007417EF /* bEgg_crack1.atlas */,
				96821D3B1ABCEB94007417EF /* bEgg_crack2 */,
				96821D451ABCEB94007417EF /* bEgg_crack2.atlas */,
				96821D461ABCEB94007417EF /* bEgg_crack3 */,
				96821D501ABCEB94007417EF /* bEgg_crack3.atlas */,
				96821D511ABCEB94007417EF /* bEgg_new.atlas */,
			);
			path = bEgg;
			sourceTree = "<group>";
		};
		96821D301ABCEB94007417EF /* bEgg_crack1 */ = {
			isa = PBXGroup;
			children = (
				96821D311ABCEB94007417EF /* egg1_crack1.png */,
				96821D321ABCEB94007417EF /* egg1_crack1@2x.png */,
				96821D331ABCEB94007417EF /* egg1_crack1@3x.png */,
				96821D341ABCEB94007417EF /* egg2_crack1.png */,
				96821D351ABCEB94007417EF /* egg2_crack1@2x.png */,
				96821D361ABCEB94007417EF /* egg2_crack1@3x.png */,
				96821D371ABCEB94007417EF /* egg3_crack1.png */,
				96821D381ABCEB94007417EF /* egg3_crack1@2x.png */,
				96821D391ABCEB94007417EF /* egg3_crack1@3x.png */,
			);
			path = bEgg_crack1;
			sourceTree = "<group>";
		};
		96821D3B1ABCEB94007417EF /* bEgg_crack2 */ = {
			isa = PBXGroup;
			children = (
				96821D3C1ABCEB94007417EF /* egg1_crack2.png */,
				96821D3D1ABCEB94007417EF /* egg1_crack2@2x.png */,
				96821D3E1ABCEB94007417EF /* egg1_crack2@3x.png */,
				96821D3F1ABCEB94007417EF /* egg2_crack2.png */,
				96821D401ABCEB94007417EF /* egg2_crack2@2x.png */,
				96821D411ABCEB94007417EF /* egg2_crack2@3x.png */,
				96821D421ABCEB94007417EF /* egg3_crack2.png */,
				96821D431ABCEB94007417EF /* egg3_crack2@2x.png */,
				96821D441ABCEB94007417EF /* egg3_crack2@3x.png */,
			);
			path = bEgg_crack2;
			sourceTree = "<group>";
		};
		96821D461ABCEB94007417EF /* bEgg_crack3 */ = {
			isa = PBXGroup;
			children = (
				96821D471ABCEB94007417EF /* egg1_crack3.png */,
				96821D481ABCEB94007417EF /* egg1_crack3@2x.png */,
				96821D491ABCEB94007417EF /* egg1_crack3@3x.png */,
				96821D4A1ABCEB94007417EF /* egg2_crack3.png */,
				96821D4B1ABCEB94007417EF /* egg2_crack3@2x.png */,
				96821D4C1ABCEB94007417EF /* egg2_crack3@3x.png */,
				96821D4D1ABCEB94007417EF /* egg3_crack3.png */,
				96821D4E1ABCEB94007417EF /* egg3_crack3@2x.png */,
				96821D4F1ABCEB94007417EF /* egg3_crack3@3x.png */,
			);
			path = bEgg_crack3;
			sourceTree = "<group>";
		};
		96821D521ABCEB94007417EF /* bHatchling */ = {
			isa = PBXGroup;
			children = (
				96821D531ABCEB94007417EF /* bDying.atlas */,
				96821D541ABCEB94007417EF /* bHappy.atlas */,
				96821D551ABCEB94007417EF /* bMoreHappy.atlas */,
				96821D561ABCEB94007417EF /* bNeutral.atlas */,
				96821D571ABCEB94007417EF /* bSad.atlas */,
				96821D581ABCEB94007417EF /* bUnhappy.atlas */,
				96821D591ABCEB94007417EF /* bVeryHappy.atlas */,
				96821D5A1ABCEB94007417EF /* bVerySad.atlas */,
			);
			path = bHatchling;
			sourceTree = "<group>";
		};
		96821D5B1ABCEB94007417EF /* dead */ = {
			isa = PBXGroup;
			children = (
				96821D5C1ABCEB94007417EF /* dead.png */,
				96821D5D1ABCEB94007417EF /* dead@2x.png */,
				96821D5E1ABCEB94007417EF /* dead@3x.png */,
			);
			path = dead;
			sourceTree = "<group>";
		};
		96821D5F1ABCEB94007417EF /* pEgg */ = {
			isa = PBXGroup;
			children = (
				96821D601ABCEB94007417EF /* egg_crack1.atlas */,
				96821D611ABCEB94007417EF /* egg_crack2.atlas */,
				96821D621ABCEB94007417EF /* egg_crack3.atlas */,
				96821D631ABCEB94007417EF /* egg_new.atlas */,
				96821D641ABCEB94007417EF /* pEgg.png */,
				96821D651ABCEB94007417EF /* pEgg@2x.png */,
				96821D661ABCEB94007417EF /* pEgg@3x.png */,
				96821D671ABCEB94007417EF /* pEgg_crack1.atlas */,
				96821D681ABCEB94007417EF /* pEgg_crack2.atlas */,
				96821D691ABCEB94007417EF /* pEgg_crack3.atlas */,
				96821D6A1ABCEB94007417EF /* pEgg_new.atlas */,
			);
			path = pEgg;
			sourceTree = "<group>";
		};
		96821D6B1ABCEB94007417EF /* PHatchling */ = {
			isa = PBXGroup;
			children = (
				96821D6C1ABCEB94007417EF /* pDying.atlas */,
				96821D6D1ABCEB94007417EF /* pHappy.atlas */,
				96821D6E1ABCEB94007417EF /* pMoreHappy.atlas */,
				96821D6F1ABCEB94007417EF /* pNeutral.atlas */,
				96821D701ABCEB94007417EF /* pSad.atlas */,
				96821D711ABCEB94007417EF /* pUnhappy.atlas */,
				96821D721ABCEB94007417EF /* pVeryHappy.atlas */,
				96821D731ABCEB94007417EF /* pVerySad.atlas */,
			);
			path = PHatchling;
			sourceTree = "<group>";
		};
		96821D741ABCEB94007417EF /* Items */ = {
			isa = PBXGroup;
			children = (
				96821D751ABCEB94007417EF /* Drinks */,
				96821D791ABCEB94007417EF /* Food */,
				96821D7D1ABCEB94007417EF /* Toys */,
			);
			path = Items;
			sourceTree = "<group>";
		};
		96821D751ABCEB94007417EF /* Drinks */ = {
			isa = PBXGroup;
			children = (
				96821D761ABCEB94007417EF /* water.png */,
				96821D771ABCEB94007417EF /* water@2x.png */,
				96821D781ABCEB94007417EF /* water@3x.png */,
			);
			path = Drinks;
			sourceTree = "<group>";
		};
		96821D791ABCEB94007417EF /* Food */ = {
			isa = PBXGroup;
			children = (
				96821D7A1ABCEB94007417EF /* apple.png */,
				96821D7B1ABCEB94007417EF /* apple@2x.png */,
				96821D7C1ABCEB94007417EF /* apple@3x.png */,
			);
			path = Food;
			sourceTree = "<group>";
		};
		96821D7D1ABCEB94007417EF /* Toys */ = {
			isa = PBXGroup;
			children = (
				96821D7E1ABCEB94007417EF /* ball.png */,
				96821D7F1ABCEB94007417EF /* ball@2x.png */,
				96821D801ABCEB94007417EF /* ball@3x.png */,
			);
			path = Toys;
			sourceTree = "<group>";
		};
		96821D811ABCEB94007417EF /* UI */ = {
			isa = PBXGroup;
			children = (
				966BA6921ABD06AB0054A982 /* buy_button.png */,
				966BA6931ABD06AB0054A982 /* buy_button@2x.png */,
				966BA6941ABD06AB0054A982 /* buy_button@3x.png */,
				96821D821ABCEB94007417EF /* alert_box.png */,
				96821D831ABCEB94007417EF /* alert_box@2x.png */,
				96821D841ABCEB94007417EF /* alert_box@3x.png */,
				96821D851ABCEB94007417EF /* back_button.png */,
				96821D861ABCEB94007417EF /* back_button@2x.png */,
				96821D871ABCEB94007417EF /* back_button@3x.png */,
				96821D881ABCEB94007417EF /* background1.png */,
				96821D891ABCEB94007417EF /* background1@2x.png */,
				96821D8A1ABCEB94007417EF /* background_bluepolka.png */,
				96821D8B1ABCEB94007417EF /* background_bluepolka@2x.png */,
				96821D8C1ABCEB94007417EF /* background_bluepolka@3x.png */,
				96821D8D1ABCEB94007417EF /* bag_button.png */,
				96821D8E1ABCEB94007417EF /* bag_button@2x.png */,
				96821D8F1ABCEB94007417EF /* bag_button@3x.png */,
				96821D901ABCEB94007417EF /* choose_egg.png */,
				96821D911ABCEB94007417EF /* choose_egg@2x.png */,
				96821D921ABCEB94007417EF /* choose_egg@3x.png */,
				96821D931ABCEB94007417EF /* exit_button.png */,
				96821D941ABCEB94007417EF /* exit_button@2x.png */,
				96821D951ABCEB94007417EF /* exit_button@3x.png */,
				96821D961ABCEB94007417EF /* game_over.png */,
				96821D971ABCEB94007417EF /* game_over@2x.png */,
				96821D981ABCEB94007417EF /* game_over@3x.png */,
				96821D991ABCEB94007417EF /* item_shop_title.png */,
				96821D9A1ABCEB94007417EF /* item_shop_title@2x.png */,
				96821D9B1ABCEB94007417EF /* item_shop_title@3x.png */,
				96821D9C1ABCEB94007417EF /* logo.png */,
				96821D9D1ABCEB94007417EF /* main_hud.png */,
				96821D9E1ABCEB94007417EF /* main_hud@2x.png */,
				96821D9F1ABCEB94007417EF /* main_hud@3x.png */,
				96821DA01ABCEB94007417EF /* shop_shelf.png */,
				96821DA11ABCEB94007417EF /* shop_shelf@2x.png */,
				96821DA21ABCEB94007417EF /* shop_shelf@3x.png */,
				96821DA31ABCEB94007417EF /* start.png */,
				96821DA41ABCEB94007417EF /* start@2x.png */,
				96821DA51ABCEB94007417EF /* start@3x.png */,
				96821DA61ABCEB94007417EF /* StatusBars */,
			);
			path = UI;
			sourceTree = "<group>";
		};
		96821DA61ABCEB94007417EF /* StatusBars */ = {
			isa = PBXGroup;
			children = (
				96821DA71ABCEB94007417EF /* bar_energy.png */,
				96821DA81ABCEB94007417EF /* bar_energy@2x.png */,
				96821DA91ABCEB94007417EF /* bar_energy@3x.png */,
				96821DAA1ABCEB94007417EF /* bar_fun.png */,
				96821DAB1ABCEB94007417EF /* bar_fun@2x.png */,
				96821DAC1ABCEB94007417EF /* bar_fun@3x.png */,
				96821DAD1ABCEB94007417EF /* bar_happiness.png */,
				96821DAE1ABCEB94007417EF /* bar_happiness@2x.png */,
				96821DAF1ABCEB94007417EF /* bar_happiness@3x.png */,
				96821DB01ABCEB94007417EF /* bar_hunger.png */,
				96821DB11ABCEB94007417EF /* bar_hunger@2x.png */,
				96821DB21ABCEB94007417EF /* bar_hunger@3x.png */,
				96821DB31ABCEB94007417EF /* bar_hygiene.png */,
				96821DB41ABCEB94007417EF /* bar_hygiene@2x.png */,
				96821DB51ABCEB94007417EF /* bar_hygiene@3x.png */,
				96821DB61ABCEB94007417EF /* bar_thirst.png */,
				96821DB71ABCEB94007417EF /* bar_thirst@2x.png */,
				96821DB81ABCEB94007417EF /* bar_thirst@3x.png */,
				96821DB91ABCEB94007417EF /* Gradient.atlas */,
				96821DBA1ABCEB94007417EF /* gradient.png */,
				96821DBB1ABCEB94007417EF /* gradient@2x.png */,
				96821DBC1ABCEB94007417EF /* gradient@3x.png */,
			);
			path = StatusBars;
			sourceTree = "<group>";
		};
		96821DBD1ABCEB94007417EF /* Sounds */ = {
			isa = PBXGroup;
			children = (
				96821DBE1ABCEB94007417EF /* eggDrop.wav */,
				96821DBF1ABCEB94007417EF /* triangle.wav */,
			);
			path = Sounds;
			sourceTree = "<group>";
		};
		96892C111AB8D7DB0022A13A /* Data */ = {
			isa = PBXGroup;
			children = (
				96892C0F1AB8A4D10022A13A /* GameData.swift */,
				96892C0D1AB89E910022A13A /* gameData.plist */,
			);
			name = Data;
			sourceTree = "<group>";
		};
		96DED2B31AB24B100099E701 /* HUD */ = {
			isa = PBXGroup;
			children = (
				96DED2B41AB2539F0099E701 /* GameHUD.swift */,
				9644A9191AAD771D00FBD86C /* StatusBar.swift */,
				962BA7571AB63586001579A1 /* ItemBag.swift */,
				96892C0B1AB8978A0022A13A /* UsableItem.swift */,
				9677A23E1AB8FB7C00293F54 /* AlertBox.swift */,
			);
			name = HUD;
			sourceTree = "<group>";
		};
		96F35FD11AAE94AE00105F55 /* Game */ = {
			isa = PBXGroup;
			children = (
				96802AC51AA8D1C000B9AAF3 /* GameScene.swift */,
				96892C121AB8D8990022A13A /* GameScene_TouchesAndCollisions_EXT.swift */,
				96802AE51AA8D27800B9AAF3 /* Crealing.swift */,
				9653DB2C1AAF134F005103F8 /* EggScene.swift */,
				9653DB131AAEE328005103F8 /* Egg.swift */,
				96F35FCF1AAE7BE700105F55 /* Status.swift */,
			);
			name = Game;
			sourceTree = "<group>";
		};
		96F35FD21AAE94CE00105F55 /* View Controllers */ = {
			isa = PBXGroup;
			children = (
				96F35FD31AAE956100105F55 /* StartViewController.swift */,
				96EA6F3A1AB7A5C00095247E /* NewGameViewController.swift */,
				9653DB111AAED808005103F8 /* ChooseEggViewController.swift */,
				96802AC71AA8D1C000B9AAF3 /* GameViewController.swift */,
				96DED2BC1AB392A80099E701 /* StatsViewController.swift */,
				96DED2C41AB46F690099E701 /* ShopViewController.swift */,
			);
			name = "View Controllers";
			sourceTree = "<group>";
		};
/* End PBXGroup section */

/* Begin PBXNativeTarget section */
		96802ABB1AA8D1C000B9AAF3 /* Crealings */ = {
			isa = PBXNativeTarget;
			buildConfigurationList = 96802ADF1AA8D1C000B9AAF3 /* Build configuration list for PBXNativeTarget "Crealings" */;
			buildPhases = (
				96802AB81AA8D1C000B9AAF3 /* Sources */,
				96802AB91AA8D1C000B9AAF3 /* Frameworks */,
				96802ABA1AA8D1C000B9AAF3 /* Resources */,
			);
			buildRules = (
			);
			dependencies = (
			);
			name = Crealings;
			productName = Crealings;
			productReference = 96802ABC1AA8D1C000B9AAF3 /* Crealings.app */;
			productType = "com.apple.product-type.application";
		};
		96802AD41AA8D1C000B9AAF3 /* CrealingsTests */ = {
			isa = PBXNativeTarget;
			buildConfigurationList = 96802AE21AA8D1C000B9AAF3 /* Build configuration list for PBXNativeTarget "CrealingsTests" */;
			buildPhases = (
				96802AD11AA8D1C000B9AAF3 /* Sources */,
				96802AD21AA8D1C000B9AAF3 /* Frameworks */,
				96802AD31AA8D1C000B9AAF3 /* Resources */,
			);
			buildRules = (
			);
			dependencies = (
				96802AD71AA8D1C000B9AAF3 /* PBXTargetDependency */,
			);
			name = CrealingsTests;
			productName = CrealingsTests;
			productReference = 96802AD51AA8D1C000B9AAF3 /* CrealingsTests.xctest */;
			productType = "com.apple.product-type.bundle.unit-test";
		};
/* End PBXNativeTarget section */

/* Begin PBXProject section */
		96802AB41AA8D1C000B9AAF3 /* Project object */ = {
			isa = PBXProject;
			attributes = {
				LastUpgradeCheck = 0610;
				ORGANIZATIONNAME = "Amber Miller";
				TargetAttributes = {
					96802ABB1AA8D1C000B9AAF3 = {
						CreatedOnToolsVersion = 6.1.1;
					};
					96802AD41AA8D1C000B9AAF3 = {
						CreatedOnToolsVersion = 6.1.1;
						TestTargetID = 96802ABB1AA8D1C000B9AAF3;
					};
				};
			};
			buildConfigurationList = 96802AB71AA8D1C000B9AAF3 /* Build configuration list for PBXProject "Crealings" */;
			compatibilityVersion = "Xcode 3.2";
			developmentRegion = English;
			hasScannedForEncodings = 0;
			knownRegions = (
				en,
				Base,
			);
			mainGroup = 96802AB31AA8D1C000B9AAF3;
			productRefGroup = 96802ABD1AA8D1C000B9AAF3 /* Products */;
			projectDirPath = "";
			projectRoot = "";
			targets = (
				96802ABB1AA8D1C000B9AAF3 /* Crealings */,
				96802AD41AA8D1C000B9AAF3 /* CrealingsTests */,
			);
		};
/* End PBXProject section */

/* Begin PBXResourcesBuildPhase section */
		96802ABA1AA8D1C000B9AAF3 /* Resources */ = {
			isa = PBXResourcesBuildPhase;
			buildActionMask = 2147483647;
			files = (
				96821DE41ABCEB94007417EF /* bHappy.atlas in Resources */,
				96821DC61ABCEB94007417EF /* egg1_crack1@3x.png in Resources */,
				96802AD01AA8D1C000B9AAF3 /* LaunchScreen.xib in Resources */,
				96821E2C1ABCEB94007417EF /* start@2x.png in Resources */,
				96821DD41ABCEB94007417EF /* egg3_crack2.png in Resources */,
				96821DF41ABCEB94007417EF /* pEgg@3x.png in Resources */,
				96821DDD1ABCEB94007417EF /* egg2_crack3@3x.png in Resources */,
				96821E061ABCEB94007417EF /* apple@3x.png in Resources */,
				96821E451ABCEB94007417EF /* triangle.wav in Resources */,
				96821DE61ABCEB94007417EF /* bNeutral.atlas in Resources */,
				96821DE31ABCEB94007417EF /* bDying.atlas in Resources */,
				96821DD11ABCEB94007417EF /* egg2_crack2.png in Resources */,
				96821E001ABCEB94007417EF /* pVerySad.atlas in Resources */,
				96821E241ABCEB94007417EF /* logo.png in Resources */,
				96821E3C1ABCEB94007417EF /* bar_hygiene@3x.png in Resources */,
				96892C0E1AB89E910022A13A /* gameData.plist in Resources */,
				96821DE51ABCEB94007417EF /* bMoreHappy.atlas in Resources */,
				96821DCC1ABCEB94007417EF /* egg3_crack1@3x.png in Resources */,
				96821E0A1ABCEB94007417EF /* alert_box.png in Resources */,
				96821DCF1ABCEB94007417EF /* egg1_crack2@2x.png in Resources */,
				96821E181ABCEB94007417EF /* choose_egg.png in Resources */,
				96821DC11ABCEB94007417EF /* bEgg.png in Resources */,
				96821E361ABCEB94007417EF /* bar_happiness@3x.png in Resources */,
				96821DD81ABCEB94007417EF /* egg1_crack3.png in Resources */,
				96821E3D1ABCEB94007417EF /* bar_thirst.png in Resources */,
				96821DD51ABCEB94007417EF /* egg3_crack2@2x.png in Resources */,
				96821E0C1ABCEB94007417EF /* alert_box@3x.png in Resources */,
				96821E171ABCEB94007417EF /* bag_button@3x.png in Resources */,
				96821E0E1ABCEB94007417EF /* back_button@2x.png in Resources */,
				96821E331ABCEB94007417EF /* bar_fun@3x.png in Resources */,
				96821E1C1ABCEB94007417EF /* exit_button@2x.png in Resources */,
				96821DE11ABCEB94007417EF /* bEgg_crack3.atlas in Resources */,
				96821E351ABCEB94007417EF /* bar_happiness@2x.png in Resources */,
				96821DD21ABCEB94007417EF /* egg2_crack2@2x.png in Resources */,
				96821E3A1ABCEB94007417EF /* bar_hygiene.png in Resources */,
				96821E0D1ABCEB94007417EF /* back_button.png in Resources */,
				96821E381ABCEB94007417EF /* bar_hunger@2x.png in Resources */,
				96821E251ABCEB94007417EF /* main_hud.png in Resources */,
				96821DD71ABCEB94007417EF /* bEgg_crack2.atlas in Resources */,
				96821DF11ABCEB94007417EF /* egg_new.atlas in Resources */,
				96821E161ABCEB94007417EF /* bag_button@2x.png in Resources */,
				96821E2E1ABCEB94007417EF /* bar_energy.png in Resources */,
				96821DCD1ABCEB94007417EF /* bEgg_crack1.atlas in Resources */,
				96802ACD1AA8D1C000B9AAF3 /* Images.xcassets in Resources */,
				96821E101ABCEB94007417EF /* background1.png in Resources */,
				96821DDF1ABCEB94007417EF /* egg3_crack3@2x.png in Resources */,
				96821DFF1ABCEB94007417EF /* pVeryHappy.atlas in Resources */,
				96821DFE1ABCEB94007417EF /* pUnhappy.atlas in Resources */,
				96821DFD1ABCEB94007417EF /* pSad.atlas in Resources */,
				96821DFA1ABCEB94007417EF /* pHappy.atlas in Resources */,
				96821DFB1ABCEB94007417EF /* pMoreHappy.atlas in Resources */,
				96821E371ABCEB94007417EF /* bar_hunger.png in Resources */,
				96821DD61ABCEB94007417EF /* egg3_crack2@3x.png in Resources */,
				96821E201ABCEB94007417EF /* game_over@3x.png in Resources */,
				96821DC21ABCEB94007417EF /* bEgg@2x.png in Resources */,
				96821E051ABCEB94007417EF /* apple@2x.png in Resources */,
				96821E131ABCEB94007417EF /* background_bluepolka@2x.png in Resources */,
				96821E1D1ABCEB94007417EF /* exit_button@3x.png in Resources */,
				96821E3E1ABCEB94007417EF /* bar_thirst@2x.png in Resources */,
				96821DEE1ABCEB94007417EF /* egg_crack1.atlas in Resources */,
				96821E081ABCEB94007417EF /* ball@2x.png in Resources */,
				96821DEC1ABCEB94007417EF /* dead@2x.png in Resources */,
				96821E3F1ABCEB94007417EF /* bar_thirst@3x.png in Resources */,
				96821E1A1ABCEB94007417EF /* choose_egg@3x.png in Resources */,
				96821DF61ABCEB94007417EF /* pEgg_crack2.atlas in Resources */,
				96821DF21ABCEB94007417EF /* pEgg.png in Resources */,
				96821E291ABCEB94007417EF /* shop_shelf@2x.png in Resources */,
				96821E121ABCEB94007417EF /* background_bluepolka.png in Resources */,
				96821DC51ABCEB94007417EF /* egg1_crack1@2x.png in Resources */,
				96821DC71ABCEB94007417EF /* egg2_crack1.png in Resources */,
				96821DC01ABCEB94007417EF /* LilitaOne-Regular.ttf in Resources */,
				96821DD01ABCEB94007417EF /* egg1_crack2@3x.png in Resources */,
				96821DE01ABCEB94007417EF /* egg3_crack3@3x.png in Resources */,
				96821DCB1ABCEB94007417EF /* egg3_crack1@2x.png in Resources */,
				96821E1B1ABCEB94007417EF /* exit_button.png in Resources */,
				96821E0B1ABCEB94007417EF /* alert_box@2x.png in Resources */,
				96821E021ABCEB94007417EF /* water@2x.png in Resources */,
				96821DC91ABCEB94007417EF /* egg2_crack1@3x.png in Resources */,
				96821DC31ABCEB94007417EF /* bEgg@3x.png in Resources */,
				96821E2F1ABCEB94007417EF /* bar_energy@2x.png in Resources */,
				96821DEA1ABCEB94007417EF /* bVerySad.atlas in Resources */,
				96821E301ABCEB94007417EF /* bar_energy@3x.png in Resources */,
				96821DE81ABCEB94007417EF /* bUnhappy.atlas in Resources */,
				96821E221ABCEB94007417EF /* item_shop_title@2x.png in Resources */,
				96821DD31ABCEB94007417EF /* egg2_crack2@3x.png in Resources */,
				96821DDC1ABCEB94007417EF /* egg2_crack3@2x.png in Resources */,
				96821E321ABCEB94007417EF /* bar_fun@2x.png in Resources */,
				96821E1F1ABCEB94007417EF /* game_over@2x.png in Resources */,
				96821E231ABCEB94007417EF /* item_shop_title@3x.png in Resources */,
				966BA6961ABD06AB0054A982 /* buy_button@2x.png in Resources */,
				96821E261ABCEB94007417EF /* main_hud@2x.png in Resources */,
				96821E281ABCEB94007417EF /* shop_shelf.png in Resources */,
				96821E341ABCEB94007417EF /* bar_happiness.png in Resources */,
				96821E071ABCEB94007417EF /* ball.png in Resources */,
				96821E211ABCEB94007417EF /* item_shop_title.png in Resources */,
				96821E391ABCEB94007417EF /* bar_hunger@3x.png in Resources */,
				96821E091ABCEB94007417EF /* ball@3x.png in Resources */,
				96821E421ABCEB94007417EF /* gradient@2x.png in Resources */,
				96821DF71ABCEB94007417EF /* pEgg_crack3.atlas in Resources */,
				96821DC41ABCEB94007417EF /* egg1_crack1.png in Resources */,
				96821E411ABCEB94007417EF /* gradient.png in Resources */,
				96821DCE1ABCEB94007417EF /* egg1_crack2.png in Resources */,
				96821DDA1ABCEB94007417EF /* egg1_crack3@3x.png in Resources */,
				966BA6951ABD06AB0054A982 /* buy_button.png in Resources */,
				96821DF51ABCEB94007417EF /* pEgg_crack1.atlas in Resources */,
				96821E151ABCEB94007417EF /* bag_button.png in Resources */,
				96821DF91ABCEB94007417EF /* pDying.atlas in Resources */,
				96821DE21ABCEB94007417EF /* bEgg_new.atlas in Resources */,
				96821DF81ABCEB94007417EF /* pEgg_new.atlas in Resources */,
				96821E2A1ABCEB94007417EF /* shop_shelf@3x.png in Resources */,
				96821E431ABCEB94007417EF /* gradient@3x.png in Resources */,
				96821DC81ABCEB94007417EF /* egg2_crack1@2x.png in Resources */,
				966BA6971ABD06AB0054A982 /* buy_button@3x.png in Resources */,
				96821E2D1ABCEB94007417EF /* start@3x.png in Resources */,
				96821DE91ABCEB94007417EF /* bVeryHappy.atlas in Resources */,
				96821E2B1ABCEB94007417EF /* start.png in Resources */,
				96821DEB1ABCEB94007417EF /* dead.png in Resources */,
				96821DD91ABCEB94007417EF /* egg1_crack3@2x.png in Resources */,
				96821DE71ABCEB94007417EF /* bSad.atlas in Resources */,
				96821E3B1ABCEB94007417EF /* bar_hygiene@2x.png in Resources */,
				96821E271ABCEB94007417EF /* main_hud@3x.png in Resources */,
				96821E031ABCEB94007417EF /* water@3x.png in Resources */,
				96821E191ABCEB94007417EF /* choose_egg@2x.png in Resources */,
				96821E0F1ABCEB94007417EF /* back_button@3x.png in Resources */,
				96821E111ABCEB94007417EF /* background1@2x.png in Resources */,
				96821E1E1ABCEB94007417EF /* game_over.png in Resources */,
				96821E441ABCEB94007417EF /* eggDrop.wav in Resources */,
				96821DED1ABCEB94007417EF /* dead@3x.png in Resources */,
				96821DDE1ABCEB94007417EF /* egg3_crack3.png in Resources */,
				96821E041ABCEB94007417EF /* apple.png in Resources */,
				96821DDB1ABCEB94007417EF /* egg2_crack3.png in Resources */,
				96821DF31ABCEB94007417EF /* pEgg@2x.png in Resources */,
				96821DCA1ABCEB94007417EF /* egg3_crack1.png in Resources */,
				96821DFC1ABCEB94007417EF /* pNeutral.atlas in Resources */,
				96802ACB1AA8D1C000B9AAF3 /* Main.storyboard in Resources */,
				96821E141ABCEB94007417EF /* background_bluepolka@3x.png in Resources */,
				96821DF01ABCEB94007417EF /* egg_crack3.atlas in Resources */,
				96821DEF1ABCEB94007417EF /* egg_crack2.atlas in Resources */,
				96821E011ABCEB94007417EF /* water.png in Resources */,
				96821E311ABCEB94007417EF /* bar_fun.png in Resources */,
				96821E401ABCEB94007417EF /* Gradient.atlas in Resources */,
			);
			runOnlyForDeploymentPostprocessing = 0;
		};
		96802AD31AA8D1C000B9AAF3 /* Resources */ = {
			isa = PBXResourcesBuildPhase;
			buildActionMask = 2147483647;
			files = (
			);
			runOnlyForDeploymentPostprocessing = 0;
		};
/* End PBXResourcesBuildPhase section */

/* Begin PBXSourcesBuildPhase section */
		96802AB81AA8D1C000B9AAF3 /* Sources */ = {
			isa = PBXSourcesBuildPhase;
			buildActionMask = 2147483647;
			files = (
				9653DB2B1AAF0B1E005103F8 /* EggObject.swift in Sources */,
				9644A91A1AAD771D00FBD86C /* StatusBar.swift in Sources */,
				96DED2C51AB46F690099E701 /* ShopViewController.swift in Sources */,
				96DED2B51AB2539F0099E701 /* GameHUD.swift in Sources */,
				96802AC61AA8D1C000B9AAF3 /* GameScene.swift in Sources */,
				96F35FD41AAE956100105F55 /* StartViewController.swift in Sources */,
				96F35FD01AAE7BE700105F55 /* Status.swift in Sources */,
				9677A23F1AB8FB7C00293F54 /* AlertBox.swift in Sources */,
				9653DB2D1AAF134F005103F8 /* EggScene.swift in Sources */,
				96DED2B21AB248620099E701 /* SceneManager.swift in Sources */,
				9653DB141AAEE328005103F8 /* Egg.swift in Sources */,
				96802AC81AA8D1C000B9AAF3 /* GameViewController.swift in Sources */,
				96DED2BD1AB392A80099E701 /* StatsViewController.swift in Sources */,
				96802AE61AA8D27800B9AAF3 /* Crealing.swift in Sources */,
				96892C131AB8D8990022A13A /* GameScene_TouchesAndCollisions_EXT.swift in Sources */,
				96802AC21AA8D1C000B9AAF3 /* AppDelegate.swift in Sources */,
				96892C101AB8A4D10022A13A /* GameData.swift in Sources */,
				96892C0C1AB8978A0022A13A /* UsableItem.swift in Sources */,
				9653DB121AAED808005103F8 /* ChooseEggViewController.swift in Sources */,
				962BA7581AB63586001579A1 /* ItemBag.swift in Sources */,
				96EA6F3B1AB7A5C00095247E /* NewGameViewController.swift in Sources */,
				9653DB211AAEFD8E005103F8 /* itemCell.swift in Sources */,
				962366C11AAF91FA0008010B /* SoundFX.swift in Sources */,
			);
			runOnlyForDeploymentPostprocessing = 0;
		};
		96802AD11AA8D1C000B9AAF3 /* Sources */ = {
			isa = PBXSourcesBuildPhase;
			buildActionMask = 2147483647;
			files = (
				96802ADC1AA8D1C000B9AAF3 /* CrealingsTests.swift in Sources */,
			);
			runOnlyForDeploymentPostprocessing = 0;
		};
/* End PBXSourcesBuildPhase section */

/* Begin PBXTargetDependency section */
		96802AD71AA8D1C000B9AAF3 /* PBXTargetDependency */ = {
			isa = PBXTargetDependency;
			target = 96802ABB1AA8D1C000B9AAF3 /* Crealings */;
			targetProxy = 96802AD61AA8D1C000B9AAF3 /* PBXContainerItemProxy */;
		};
/* End PBXTargetDependency section */

/* Begin PBXVariantGroup section */
		96802AC91AA8D1C000B9AAF3 /* Main.storyboard */ = {
			isa = PBXVariantGroup;
			children = (
				96802ACA1AA8D1C000B9AAF3 /* Base */,
			);
			name = Main.storyboard;
			sourceTree = "<group>";
		};
		96802ACE1AA8D1C000B9AAF3 /* LaunchScreen.xib */ = {
			isa = PBXVariantGroup;
			children = (
				96802ACF1AA8D1C000B9AAF3 /* Base */,
			);
			name = LaunchScreen.xib;
			sourceTree = "<group>";
		};
/* End PBXVariantGroup section */

/* Begin XCBuildConfiguration section */
		96802ADD1AA8D1C000B9AAF3 /* Debug */ = {
			isa = XCBuildConfiguration;
			buildSettings = {
				ALWAYS_SEARCH_USER_PATHS = NO;
				CLANG_CXX_LANGUAGE_STANDARD = "gnu++0x";
				CLANG_CXX_LIBRARY = "libc++";
				CLANG_ENABLE_MODULES = YES;
				CLANG_ENABLE_OBJC_ARC = YES;
				CLANG_WARN_BOOL_CONVERSION = YES;
				CLANG_WARN_CONSTANT_CONVERSION = YES;
				CLANG_WARN_DIRECT_OBJC_ISA_USAGE = YES_ERROR;
				CLANG_WARN_EMPTY_BODY = YES;
				CLANG_WARN_ENUM_CONVERSION = YES;
				CLANG_WARN_INT_CONVERSION = YES;
				CLANG_WARN_OBJC_ROOT_CLASS = YES_ERROR;
				CLANG_WARN_UNREACHABLE_CODE = YES;
				CLANG_WARN__DUPLICATE_METHOD_MATCH = YES;
				"CODE_SIGN_IDENTITY[sdk=iphoneos*]" = "iPhone Developer";
				COPY_PHASE_STRIP = NO;
				ENABLE_STRICT_OBJC_MSGSEND = YES;
				GCC_C_LANGUAGE_STANDARD = gnu99;
				GCC_DYNAMIC_NO_PIC = NO;
				GCC_OPTIMIZATION_LEVEL = 0;
				GCC_PREPROCESSOR_DEFINITIONS = (
					"DEBUG=1",
					"$(inherited)",
				);
				GCC_SYMBOLS_PRIVATE_EXTERN = NO;
				GCC_WARN_64_TO_32_BIT_CONVERSION = YES;
				GCC_WARN_ABOUT_RETURN_TYPE = YES_ERROR;
				GCC_WARN_UNDECLARED_SELECTOR = YES;
				GCC_WARN_UNINITIALIZED_AUTOS = YES_AGGRESSIVE;
				GCC_WARN_UNUSED_FUNCTION = YES;
				GCC_WARN_UNUSED_VARIABLE = YES;
				IPHONEOS_DEPLOYMENT_TARGET = 8.1;
				MTL_ENABLE_DEBUG_INFO = YES;
				ONLY_ACTIVE_ARCH = YES;
				SDKROOT = iphoneos;
				SWIFT_OPTIMIZATION_LEVEL = "-Onone";
			};
			name = Debug;
		};
		96802ADE1AA8D1C000B9AAF3 /* Release */ = {
			isa = XCBuildConfiguration;
			buildSettings = {
				ALWAYS_SEARCH_USER_PATHS = NO;
				CLANG_CXX_LANGUAGE_STANDARD = "gnu++0x";
				CLANG_CXX_LIBRARY = "libc++";
				CLANG_ENABLE_MODULES = YES;
				CLANG_ENABLE_OBJC_ARC = YES;
				CLANG_WARN_BOOL_CONVERSION = YES;
				CLANG_WARN_CONSTANT_CONVERSION = YES;
				CLANG_WARN_DIRECT_OBJC_ISA_USAGE = YES_ERROR;
				CLANG_WARN_EMPTY_BODY = YES;
				CLANG_WARN_ENUM_CONVERSION = YES;
				CLANG_WARN_INT_CONVERSION = YES;
				CLANG_WARN_OBJC_ROOT_CLASS = YES_ERROR;
				CLANG_WARN_UNREACHABLE_CODE = YES;
				CLANG_WARN__DUPLICATE_METHOD_MATCH = YES;
				"CODE_SIGN_IDENTITY[sdk=iphoneos*]" = "iPhone Developer";
				COPY_PHASE_STRIP = YES;
				ENABLE_NS_ASSERTIONS = NO;
				ENABLE_STRICT_OBJC_MSGSEND = YES;
				GCC_C_LANGUAGE_STANDARD = gnu99;
				GCC_WARN_64_TO_32_BIT_CONVERSION = YES;
				GCC_WARN_ABOUT_RETURN_TYPE = YES_ERROR;
				GCC_WARN_UNDECLARED_SELECTOR = YES;
				GCC_WARN_UNINITIALIZED_AUTOS = YES_AGGRESSIVE;
				GCC_WARN_UNUSED_FUNCTION = YES;
				GCC_WARN_UNUSED_VARIABLE = YES;
				IPHONEOS_DEPLOYMENT_TARGET = 8.1;
				MTL_ENABLE_DEBUG_INFO = NO;
				SDKROOT = iphoneos;
				VALIDATE_PRODUCT = YES;
			};
			name = Release;
		};
		96802AE01AA8D1C000B9AAF3 /* Debug */ = {
			isa = XCBuildConfiguration;
			buildSettings = {
				ASSETCATALOG_COMPILER_APPICON_NAME = AppIcon;
				INFOPLIST_FILE = Crealings/Info.plist;
				LD_RUNPATH_SEARCH_PATHS = "$(inherited) @executable_path/Frameworks";
				PRODUCT_NAME = "$(TARGET_NAME)";
				TARGETED_DEVICE_FAMILY = "1,2";
			};
			name = Debug;
		};
		96802AE11AA8D1C000B9AAF3 /* Release */ = {
			isa = XCBuildConfiguration;
			buildSettings = {
				ASSETCATALOG_COMPILER_APPICON_NAME = AppIcon;
				INFOPLIST_FILE = Crealings/Info.plist;
				LD_RUNPATH_SEARCH_PATHS = "$(inherited) @executable_path/Frameworks";
				PRODUCT_NAME = "$(TARGET_NAME)";
				TARGETED_DEVICE_FAMILY = "1,2";
			};
			name = Release;
		};
		96802AE31AA8D1C000B9AAF3 /* Debug */ = {
			isa = XCBuildConfiguration;
			buildSettings = {
				BUNDLE_LOADER = "$(TEST_HOST)";
				FRAMEWORK_SEARCH_PATHS = (
					"$(SDKROOT)/Developer/Library/Frameworks",
					"$(inherited)",
				);
				GCC_PREPROCESSOR_DEFINITIONS = (
					"DEBUG=1",
					"$(inherited)",
				);
				INFOPLIST_FILE = CrealingsTests/Info.plist;
				LD_RUNPATH_SEARCH_PATHS = "$(inherited) @executable_path/Frameworks @loader_path/Frameworks";
				PRODUCT_NAME = "$(TARGET_NAME)";
				TEST_HOST = "$(BUILT_PRODUCTS_DIR)/Crealings.app/Crealings";
			};
			name = Debug;
		};
		96802AE41AA8D1C000B9AAF3 /* Release */ = {
			isa = XCBuildConfiguration;
			buildSettings = {
				BUNDLE_LOADER = "$(TEST_HOST)";
				FRAMEWORK_SEARCH_PATHS = (
					"$(SDKROOT)/Developer/Library/Frameworks",
					"$(inherited)",
				);
				INFOPLIST_FILE = CrealingsTests/Info.plist;
				LD_RUNPATH_SEARCH_PATHS = "$(inherited) @executable_path/Frameworks @loader_path/Frameworks";
				PRODUCT_NAME = "$(TARGET_NAME)";
				TEST_HOST = "$(BUILT_PRODUCTS_DIR)/Crealings.app/Crealings";
			};
			name = Release;
		};
/* End XCBuildConfiguration section */

/* Begin XCConfigurationList section */
		96802AB71AA8D1C000B9AAF3 /* Build configuration list for PBXProject "Crealings" */ = {
			isa = XCConfigurationList;
			buildConfigurations = (
				96802ADD1AA8D1C000B9AAF3 /* Debug */,
				96802ADE1AA8D1C000B9AAF3 /* Release */,
			);
			defaultConfigurationIsVisible = 0;
			defaultConfigurationName = Release;
		};
		96802ADF1AA8D1C000B9AAF3 /* Build configuration list for PBXNativeTarget "Crealings" */ = {
			isa = XCConfigurationList;
			buildConfigurations = (
				96802AE01AA8D1C000B9AAF3 /* Debug */,
				96802AE11AA8D1C000B9AAF3 /* Release */,
			);
			defaultConfigurationIsVisible = 0;
			defaultConfigurationName = Release;
		};
		96802AE21AA8D1C000B9AAF3 /* Build configuration list for PBXNativeTarget "CrealingsTests" */ = {
			isa = XCConfigurationList;
			buildConfigurations = (
				96802AE31AA8D1C000B9AAF3 /* Debug */,
				96802AE41AA8D1C000B9AAF3 /* Release */,
			);
			defaultConfigurationIsVisible = 0;
			defaultConfigurationName = Release;
		};
/* End XCConfigurationList section */
	};
	rootObject = 96802AB41AA8D1C000B9AAF3 /* Project object */;
}
