// !$*UTF8*$!
{
	archiveVersion = 1;
	classes = {
	};
	objectVersion = 46;
	objects = {

/* Begin PBXBuildFile section */
		962366651AAF76D70008010B /* bDying.atlas in Resources */ = {isa = PBXBuildFile; fileRef = 9623665D1AAF76D70008010B /* bDying.atlas */; };
		962366661AAF76D70008010B /* bHappy.atlas in Resources */ = {isa = PBXBuildFile; fileRef = 9623665E1AAF76D70008010B /* bHappy.atlas */; };
		962366671AAF76D70008010B /* bMoreHappy.atlas in Resources */ = {isa = PBXBuildFile; fileRef = 9623665F1AAF76D70008010B /* bMoreHappy.atlas */; };
		962366681AAF76D70008010B /* bNeutral.atlas in Resources */ = {isa = PBXBuildFile; fileRef = 962366601AAF76D70008010B /* bNeutral.atlas */; };
		962366691AAF76D70008010B /* bSad.atlas in Resources */ = {isa = PBXBuildFile; fileRef = 962366611AAF76D70008010B /* bSad.atlas */; };
		9623666A1AAF76D70008010B /* bUnhappy.atlas in Resources */ = {isa = PBXBuildFile; fileRef = 962366621AAF76D70008010B /* bUnhappy.atlas */; };
		9623666B1AAF76D70008010B /* bVeryHappy.atlas in Resources */ = {isa = PBXBuildFile; fileRef = 962366631AAF76D70008010B /* bVeryHappy.atlas */; };
		9623666C1AAF76D70008010B /* bVerySad.atlas in Resources */ = {isa = PBXBuildFile; fileRef = 962366641AAF76D70008010B /* bVerySad.atlas */; };
		962366B71AAF78B00008010B /* bEgg.png in Resources */ = {isa = PBXBuildFile; fileRef = 962366B01AAF78B00008010B /* bEgg.png */; };
		962366B81AAF78B00008010B /* bEgg@2x.png in Resources */ = {isa = PBXBuildFile; fileRef = 962366B11AAF78B00008010B /* bEgg@2x.png */; };
		962366B91AAF78B00008010B /* bEgg@3x.png in Resources */ = {isa = PBXBuildFile; fileRef = 962366B21AAF78B00008010B /* bEgg@3x.png */; };
		962366BA1AAF78B00008010B /* bEgg_crack1.atlas in Resources */ = {isa = PBXBuildFile; fileRef = 962366B31AAF78B00008010B /* bEgg_crack1.atlas */; };
		962366BB1AAF78B00008010B /* bEgg_crack2.atlas in Resources */ = {isa = PBXBuildFile; fileRef = 962366B41AAF78B00008010B /* bEgg_crack2.atlas */; };
		962366BC1AAF78B00008010B /* bEgg_crack3.atlas in Resources */ = {isa = PBXBuildFile; fileRef = 962366B51AAF78B00008010B /* bEgg_crack3.atlas */; };
		962366BD1AAF78B00008010B /* bEgg_new.atlas in Resources */ = {isa = PBXBuildFile; fileRef = 962366B61AAF78B00008010B /* bEgg_new.atlas */; };
		962366C11AAF91FA0008010B /* SoundFX.swift in Sources */ = {isa = PBXBuildFile; fileRef = 962366C01AAF91FA0008010B /* SoundFX.swift */; };
		962366C31AAF940E0008010B /* AVFoundation.framework in Frameworks */ = {isa = PBXBuildFile; fileRef = 962366C21AAF940E0008010B /* AVFoundation.framework */; };
		962366C61AAF944A0008010B /* eggDrop.wav in Resources */ = {isa = PBXBuildFile; fileRef = 962366C51AAF944A0008010B /* eggDrop.wav */; };
		962366C81AAF94E50008010B /* triangle.wav in Resources */ = {isa = PBXBuildFile; fileRef = 962366C71AAF94E50008010B /* triangle.wav */; };
		962366D21AAF9B790008010B /* background1.png in Resources */ = {isa = PBXBuildFile; fileRef = 962366CC1AAF9B790008010B /* background1.png */; };
		962366D31AAF9B790008010B /* background1@2x.png in Resources */ = {isa = PBXBuildFile; fileRef = 962366CD1AAF9B790008010B /* background1@2x.png */; };
		962366D41AAF9B790008010B /* logo.png in Resources */ = {isa = PBXBuildFile; fileRef = 962366CE1AAF9B790008010B /* logo.png */; };
		962366D51AAF9B790008010B /* start.png in Resources */ = {isa = PBXBuildFile; fileRef = 962366CF1AAF9B790008010B /* start.png */; };
		962366D61AAF9B790008010B /* start@2x.png in Resources */ = {isa = PBXBuildFile; fileRef = 962366D01AAF9B790008010B /* start@2x.png */; };
		962366D71AAF9B790008010B /* start@3x.png in Resources */ = {isa = PBXBuildFile; fileRef = 962366D11AAF9B790008010B /* start@3x.png */; };
		9644A91A1AAD771D00FBD86C /* StatusBar.swift in Sources */ = {isa = PBXBuildFile; fileRef = 9644A9191AAD771D00FBD86C /* StatusBar.swift */; };
		9644A9581AAD9F2500FBD86C /* bar_energy.png in Resources */ = {isa = PBXBuildFile; fileRef = 9644A9431AAD9F2500FBD86C /* bar_energy.png */; };
		9644A9591AAD9F2500FBD86C /* bar_energy@2x.png in Resources */ = {isa = PBXBuildFile; fileRef = 9644A9441AAD9F2500FBD86C /* bar_energy@2x.png */; };
		9644A95A1AAD9F2500FBD86C /* bar_energy@3x.png in Resources */ = {isa = PBXBuildFile; fileRef = 9644A9451AAD9F2500FBD86C /* bar_energy@3x.png */; };
		9644A95B1AAD9F2500FBD86C /* bar_fun.png in Resources */ = {isa = PBXBuildFile; fileRef = 9644A9461AAD9F2500FBD86C /* bar_fun.png */; };
		9644A95C1AAD9F2500FBD86C /* bar_fun@2x.png in Resources */ = {isa = PBXBuildFile; fileRef = 9644A9471AAD9F2500FBD86C /* bar_fun@2x.png */; };
		9644A95D1AAD9F2500FBD86C /* bar_fun@3x.png in Resources */ = {isa = PBXBuildFile; fileRef = 9644A9481AAD9F2500FBD86C /* bar_fun@3x.png */; };
		9644A95E1AAD9F2500FBD86C /* bar_happiness.png in Resources */ = {isa = PBXBuildFile; fileRef = 9644A9491AAD9F2500FBD86C /* bar_happiness.png */; };
		9644A95F1AAD9F2500FBD86C /* bar_happiness@2x.png in Resources */ = {isa = PBXBuildFile; fileRef = 9644A94A1AAD9F2500FBD86C /* bar_happiness@2x.png */; };
		9644A9601AAD9F2500FBD86C /* bar_happiness@3x.png in Resources */ = {isa = PBXBuildFile; fileRef = 9644A94B1AAD9F2500FBD86C /* bar_happiness@3x.png */; };
		9644A9611AAD9F2500FBD86C /* bar_hunger.png in Resources */ = {isa = PBXBuildFile; fileRef = 9644A94C1AAD9F2500FBD86C /* bar_hunger.png */; };
		9644A9621AAD9F2500FBD86C /* bar_hunger@2x.png in Resources */ = {isa = PBXBuildFile; fileRef = 9644A94D1AAD9F2500FBD86C /* bar_hunger@2x.png */; };
		9644A9631AAD9F2500FBD86C /* bar_hunger@3x.png in Resources */ = {isa = PBXBuildFile; fileRef = 9644A94E1AAD9F2500FBD86C /* bar_hunger@3x.png */; };
		9644A9641AAD9F2500FBD86C /* bar_hygiene.png in Resources */ = {isa = PBXBuildFile; fileRef = 9644A94F1AAD9F2500FBD86C /* bar_hygiene.png */; };
		9644A9651AAD9F2500FBD86C /* bar_hygiene@2x.png in Resources */ = {isa = PBXBuildFile; fileRef = 9644A9501AAD9F2500FBD86C /* bar_hygiene@2x.png */; };
		9644A9661AAD9F2500FBD86C /* bar_hygiene@3x.png in Resources */ = {isa = PBXBuildFile; fileRef = 9644A9511AAD9F2500FBD86C /* bar_hygiene@3x.png */; };
		9644A9671AAD9F2500FBD86C /* bar_thirst.png in Resources */ = {isa = PBXBuildFile; fileRef = 9644A9521AAD9F2500FBD86C /* bar_thirst.png */; };
		9644A9681AAD9F2500FBD86C /* bar_thirst@2x.png in Resources */ = {isa = PBXBuildFile; fileRef = 9644A9531AAD9F2500FBD86C /* bar_thirst@2x.png */; };
		9644A9691AAD9F2500FBD86C /* bar_thirst@3x.png in Resources */ = {isa = PBXBuildFile; fileRef = 9644A9541AAD9F2500FBD86C /* bar_thirst@3x.png */; };
		9644A96E1AADB4E200FBD86C /* Gradient.atlas in Resources */ = {isa = PBXBuildFile; fileRef = 9644A96D1AADB4E200FBD86C /* Gradient.atlas */; };
		9653DB121AAED808005103F8 /* ChooseEggViewController.swift in Sources */ = {isa = PBXBuildFile; fileRef = 9653DB111AAED808005103F8 /* ChooseEggViewController.swift */; };
		9653DB141AAEE328005103F8 /* Egg.swift in Sources */ = {isa = PBXBuildFile; fileRef = 9653DB131AAEE328005103F8 /* Egg.swift */; };
		9653DB1C1AAEFA25005103F8 /* pEgg_crack1.atlas in Resources */ = {isa = PBXBuildFile; fileRef = 9653DB181AAEFA25005103F8 /* pEgg_crack1.atlas */; };
		9653DB1D1AAEFA25005103F8 /* pEgg_crack2.atlas in Resources */ = {isa = PBXBuildFile; fileRef = 9653DB191AAEFA25005103F8 /* pEgg_crack2.atlas */; };
		9653DB1E1AAEFA25005103F8 /* pEgg_crack3.atlas in Resources */ = {isa = PBXBuildFile; fileRef = 9653DB1A1AAEFA25005103F8 /* pEgg_crack3.atlas */; };
		9653DB1F1AAEFA25005103F8 /* pEgg_new.atlas in Resources */ = {isa = PBXBuildFile; fileRef = 9653DB1B1AAEFA25005103F8 /* pEgg_new.atlas */; };
		9653DB211AAEFD8E005103F8 /* eggCell.swift in Sources */ = {isa = PBXBuildFile; fileRef = 9653DB201AAEFD8E005103F8 /* eggCell.swift */; };
		9653DB251AAF0463005103F8 /* pEgg.png in Resources */ = {isa = PBXBuildFile; fileRef = 9653DB221AAF0463005103F8 /* pEgg.png */; };
		9653DB261AAF0463005103F8 /* pEgg@2x.png in Resources */ = {isa = PBXBuildFile; fileRef = 9653DB231AAF0463005103F8 /* pEgg@2x.png */; };
		9653DB271AAF0463005103F8 /* pEgg@3x.png in Resources */ = {isa = PBXBuildFile; fileRef = 9653DB241AAF0463005103F8 /* pEgg@3x.png */; };
		9653DB2B1AAF0B1E005103F8 /* EggObject.swift in Sources */ = {isa = PBXBuildFile; fileRef = 9653DB2A1AAF0B1E005103F8 /* EggObject.swift */; };
		9653DB2D1AAF134F005103F8 /* EggScene.swift in Sources */ = {isa = PBXBuildFile; fileRef = 9653DB2C1AAF134F005103F8 /* EggScene.swift */; };
		96802AC21AA8D1C000B9AAF3 /* AppDelegate.swift in Sources */ = {isa = PBXBuildFile; fileRef = 96802AC11AA8D1C000B9AAF3 /* AppDelegate.swift */; };
		96802AC61AA8D1C000B9AAF3 /* GameScene.swift in Sources */ = {isa = PBXBuildFile; fileRef = 96802AC51AA8D1C000B9AAF3 /* GameScene.swift */; };
		96802AC81AA8D1C000B9AAF3 /* GameViewController.swift in Sources */ = {isa = PBXBuildFile; fileRef = 96802AC71AA8D1C000B9AAF3 /* GameViewController.swift */; };
		96802ACB1AA8D1C000B9AAF3 /* Main.storyboard in Resources */ = {isa = PBXBuildFile; fileRef = 96802AC91AA8D1C000B9AAF3 /* Main.storyboard */; };
		96802ACD1AA8D1C000B9AAF3 /* Images.xcassets in Resources */ = {isa = PBXBuildFile; fileRef = 96802ACC1AA8D1C000B9AAF3 /* Images.xcassets */; };
		96802AD01AA8D1C000B9AAF3 /* LaunchScreen.xib in Resources */ = {isa = PBXBuildFile; fileRef = 96802ACE1AA8D1C000B9AAF3 /* LaunchScreen.xib */; };
		96802ADC1AA8D1C000B9AAF3 /* CrealingsTests.swift in Sources */ = {isa = PBXBuildFile; fileRef = 96802ADB1AA8D1C000B9AAF3 /* CrealingsTests.swift */; };
		96802AE61AA8D27800B9AAF3 /* Crealing.swift in Sources */ = {isa = PBXBuildFile; fileRef = 96802AE51AA8D27800B9AAF3 /* Crealing.swift */; };
		96802B1F1AAB4B5800B9AAF3 /* pHappy.atlas in Resources */ = {isa = PBXBuildFile; fileRef = 96802B1B1AAB4B5800B9AAF3 /* pHappy.atlas */; };
		96802B201AAB4B5800B9AAF3 /* pMoreHappy.atlas in Resources */ = {isa = PBXBuildFile; fileRef = 96802B1C1AAB4B5800B9AAF3 /* pMoreHappy.atlas */; };
		96802B211AAB4B5800B9AAF3 /* pVeryHappy.atlas in Resources */ = {isa = PBXBuildFile; fileRef = 96802B1D1AAB4B5800B9AAF3 /* pVeryHappy.atlas */; };
		96802B221AAB4B5800B9AAF3 /* pVerySad.atlas in Resources */ = {isa = PBXBuildFile; fileRef = 96802B1E1AAB4B5800B9AAF3 /* pVerySad.atlas */; };
		96802B241AAB756F00B9AAF3 /* pNeutral.atlas in Resources */ = {isa = PBXBuildFile; fileRef = 96802B231AAB756F00B9AAF3 /* pNeutral.atlas */; };
		96802B261AAB7DBA00B9AAF3 /* pUnhappy.atlas in Resources */ = {isa = PBXBuildFile; fileRef = 96802B251AAB7DBA00B9AAF3 /* pUnhappy.atlas */; };
		96802B281AAB801900B9AAF3 /* pSad.atlas in Resources */ = {isa = PBXBuildFile; fileRef = 96802B271AAB801900B9AAF3 /* pSad.atlas */; };
		96802B2A1AAB8C0B00B9AAF3 /* pDying.atlas in Resources */ = {isa = PBXBuildFile; fileRef = 96802B291AAB8C0B00B9AAF3 /* pDying.atlas */; };
		96F35FD01AAE7BE700105F55 /* Status.swift in Sources */ = {isa = PBXBuildFile; fileRef = 96F35FCF1AAE7BE700105F55 /* Status.swift */; };
		96F35FD41AAE956100105F55 /* StartViewController.swift in Sources */ = {isa = PBXBuildFile; fileRef = 96F35FD31AAE956100105F55 /* StartViewController.swift */; };
		96F35FD61AAEA2C200105F55 /* NewGameViewController.swift in Sources */ = {isa = PBXBuildFile; fileRef = 96F35FD51AAEA2C200105F55 /* NewGameViewController.swift */; };
/* End PBXBuildFile section */

/* Begin PBXContainerItemProxy section */
		96802AD61AA8D1C000B9AAF3 /* PBXContainerItemProxy */ = {
			isa = PBXContainerItemProxy;
			containerPortal = 96802AB41AA8D1C000B9AAF3 /* Project object */;
			proxyType = 1;
			remoteGlobalIDString = 96802ABB1AA8D1C000B9AAF3;
			remoteInfo = Crealings;
		};
/* End PBXContainerItemProxy section */

/* Begin PBXFileReference section */
		9623665D1AAF76D70008010B /* bDying.atlas */ = {isa = PBXFileReference; lastKnownFileType = folder.skatlas; path = bDying.atlas; sourceTree = "<group>"; };
		9623665E1AAF76D70008010B /* bHappy.atlas */ = {isa = PBXFileReference; lastKnownFileType = folder.skatlas; path = bHappy.atlas; sourceTree = "<group>"; };
		9623665F1AAF76D70008010B /* bMoreHappy.atlas */ = {isa = PBXFileReference; lastKnownFileType = folder.skatlas; path = bMoreHappy.atlas; sourceTree = "<group>"; };
		962366601AAF76D70008010B /* bNeutral.atlas */ = {isa = PBXFileReference; lastKnownFileType = folder.skatlas; path = bNeutral.atlas; sourceTree = "<group>"; };
		962366611AAF76D70008010B /* bSad.atlas */ = {isa = PBXFileReference; lastKnownFileType = folder.skatlas; path = bSad.atlas; sourceTree = "<group>"; };
		962366621AAF76D70008010B /* bUnhappy.atlas */ = {isa = PBXFileReference; lastKnownFileType = folder.skatlas; path = bUnhappy.atlas; sourceTree = "<group>"; };
		962366631AAF76D70008010B /* bVeryHappy.atlas */ = {isa = PBXFileReference; lastKnownFileType = folder.skatlas; path = bVeryHappy.atlas; sourceTree = "<group>"; };
		962366641AAF76D70008010B /* bVerySad.atlas */ = {isa = PBXFileReference; lastKnownFileType = folder.skatlas; path = bVerySad.atlas; sourceTree = "<group>"; };
		962366B01AAF78B00008010B /* bEgg.png */ = {isa = PBXFileReference; lastKnownFileType = image.png; path = bEgg.png; sourceTree = "<group>"; };
		962366B11AAF78B00008010B /* bEgg@2x.png */ = {isa = PBXFileReference; lastKnownFileType = image.png; path = "bEgg@2x.png"; sourceTree = "<group>"; };
		962366B21AAF78B00008010B /* bEgg@3x.png */ = {isa = PBXFileReference; lastKnownFileType = image.png; path = "bEgg@3x.png"; sourceTree = "<group>"; };
		962366B31AAF78B00008010B /* bEgg_crack1.atlas */ = {isa = PBXFileReference; lastKnownFileType = folder.skatlas; path = bEgg_crack1.atlas; sourceTree = "<group>"; };
		962366B41AAF78B00008010B /* bEgg_crack2.atlas */ = {isa = PBXFileReference; lastKnownFileType = folder.skatlas; path = bEgg_crack2.atlas; sourceTree = "<group>"; };
		962366B51AAF78B00008010B /* bEgg_crack3.atlas */ = {isa = PBXFileReference; lastKnownFileType = folder.skatlas; path = bEgg_crack3.atlas; sourceTree = "<group>"; };
		962366B61AAF78B00008010B /* bEgg_new.atlas */ = {isa = PBXFileReference; lastKnownFileType = folder.skatlas; path = bEgg_new.atlas; sourceTree = "<group>"; };
		962366C01AAF91FA0008010B /* SoundFX.swift */ = {isa = PBXFileReference; fileEncoding = 4; lastKnownFileType = sourcecode.swift; path = SoundFX.swift; sourceTree = "<group>"; };
		962366C21AAF940E0008010B /* AVFoundation.framework */ = {isa = PBXFileReference; lastKnownFileType = wrapper.framework; name = AVFoundation.framework; path = System/Library/Frameworks/AVFoundation.framework; sourceTree = SDKROOT; };
		962366C51AAF944A0008010B /* eggDrop.wav */ = {isa = PBXFileReference; lastKnownFileType = audio.wav; path = eggDrop.wav; sourceTree = "<group>"; };
		962366C71AAF94E50008010B /* triangle.wav */ = {isa = PBXFileReference; lastKnownFileType = audio.wav; path = triangle.wav; sourceTree = "<group>"; };
		962366CC1AAF9B790008010B /* background1.png */ = {isa = PBXFileReference; lastKnownFileType = image.png; path = background1.png; sourceTree = "<group>"; };
		962366CD1AAF9B790008010B /* background1@2x.png */ = {isa = PBXFileReference; lastKnownFileType = image.png; path = "background1@2x.png"; sourceTree = "<group>"; };
		962366CE1AAF9B790008010B /* logo.png */ = {isa = PBXFileReference; lastKnownFileType = image.png; path = logo.png; sourceTree = "<group>"; };
		962366CF1AAF9B790008010B /* start.png */ = {isa = PBXFileReference; lastKnownFileType = image.png; path = start.png; sourceTree = "<group>"; };
		962366D01AAF9B790008010B /* start@2x.png */ = {isa = PBXFileReference; lastKnownFileType = image.png; path = "start@2x.png"; sourceTree = "<group>"; };
		962366D11AAF9B790008010B /* start@3x.png */ = {isa = PBXFileReference; lastKnownFileType = image.png; path = "start@3x.png"; sourceTree = "<group>"; };
		9644A9191AAD771D00FBD86C /* StatusBar.swift */ = {isa = PBXFileReference; fileEncoding = 4; lastKnownFileType = sourcecode.swift; path = StatusBar.swift; sourceTree = "<group>"; };
		9644A9431AAD9F2500FBD86C /* bar_energy.png */ = {isa = PBXFileReference; lastKnownFileType = image.png; path = bar_energy.png; sourceTree = "<group>"; };
		9644A9441AAD9F2500FBD86C /* bar_energy@2x.png */ = {isa = PBXFileReference; lastKnownFileType = image.png; path = "bar_energy@2x.png"; sourceTree = "<group>"; };
		9644A9451AAD9F2500FBD86C /* bar_energy@3x.png */ = {isa = PBXFileReference; lastKnownFileType = image.png; path = "bar_energy@3x.png"; sourceTree = "<group>"; };
		9644A9461AAD9F2500FBD86C /* bar_fun.png */ = {isa = PBXFileReference; lastKnownFileType = image.png; path = bar_fun.png; sourceTree = "<group>"; };
		9644A9471AAD9F2500FBD86C /* bar_fun@2x.png */ = {isa = PBXFileReference; lastKnownFileType = image.png; path = "bar_fun@2x.png"; sourceTree = "<group>"; };
		9644A9481AAD9F2500FBD86C /* bar_fun@3x.png */ = {isa = PBXFileReference; lastKnownFileType = image.png; path = "bar_fun@3x.png"; sourceTree = "<group>"; };
		9644A9491AAD9F2500FBD86C /* bar_happiness.png */ = {isa = PBXFileReference; lastKnownFileType = image.png; path = bar_happiness.png; sourceTree = "<group>"; };
		9644A94A1AAD9F2500FBD86C /* bar_happiness@2x.png */ = {isa = PBXFileReference; lastKnownFileType = image.png; path = "bar_happiness@2x.png"; sourceTree = "<group>"; };
		9644A94B1AAD9F2500FBD86C /* bar_happiness@3x.png */ = {isa = PBXFileReference; lastKnownFileType = image.png; path = "bar_happiness@3x.png"; sourceTree = "<group>"; };
		9644A94C1AAD9F2500FBD86C /* bar_hunger.png */ = {isa = PBXFileReference; lastKnownFileType = image.png; path = bar_hunger.png; sourceTree = "<group>"; };
		9644A94D1AAD9F2500FBD86C /* bar_hunger@2x.png */ = {isa = PBXFileReference; lastKnownFileType = image.png; path = "bar_hunger@2x.png"; sourceTree = "<group>"; };
		9644A94E1AAD9F2500FBD86C /* bar_hunger@3x.png */ = {isa = PBXFileReference; lastKnownFileType = image.png; path = "bar_hunger@3x.png"; sourceTree = "<group>"; };
		9644A94F1AAD9F2500FBD86C /* bar_hygiene.png */ = {isa = PBXFileReference; lastKnownFileType = image.png; path = bar_hygiene.png; sourceTree = "<group>"; };
		9644A9501AAD9F2500FBD86C /* bar_hygiene@2x.png */ = {isa = PBXFileReference; lastKnownFileType = image.png; path = "bar_hygiene@2x.png"; sourceTree = "<group>"; };
		9644A9511AAD9F2500FBD86C /* bar_hygiene@3x.png */ = {isa = PBXFileReference; lastKnownFileType = image.png; path = "bar_hygiene@3x.png"; sourceTree = "<group>"; };
		9644A9521AAD9F2500FBD86C /* bar_thirst.png */ = {isa = PBXFileReference; lastKnownFileType = image.png; path = bar_thirst.png; sourceTree = "<group>"; };
		9644A9531AAD9F2500FBD86C /* bar_thirst@2x.png */ = {isa = PBXFileReference; lastKnownFileType = image.png; path = "bar_thirst@2x.png"; sourceTree = "<group>"; };
		9644A9541AAD9F2500FBD86C /* bar_thirst@3x.png */ = {isa = PBXFileReference; lastKnownFileType = image.png; path = "bar_thirst@3x.png"; sourceTree = "<group>"; };
		9644A96D1AADB4E200FBD86C /* Gradient.atlas */ = {isa = PBXFileReference; lastKnownFileType = folder.skatlas; path = Gradient.atlas; sourceTree = "<group>"; };
		9653DB111AAED808005103F8 /* ChooseEggViewController.swift */ = {isa = PBXFileReference; fileEncoding = 4; lastKnownFileType = sourcecode.swift; path = ChooseEggViewController.swift; sourceTree = "<group>"; };
		9653DB131AAEE328005103F8 /* Egg.swift */ = {isa = PBXFileReference; fileEncoding = 4; lastKnownFileType = sourcecode.swift; path = Egg.swift; sourceTree = "<group>"; };
		9653DB181AAEFA25005103F8 /* pEgg_crack1.atlas */ = {isa = PBXFileReference; lastKnownFileType = folder.skatlas; path = pEgg_crack1.atlas; sourceTree = "<group>"; };
		9653DB191AAEFA25005103F8 /* pEgg_crack2.atlas */ = {isa = PBXFileReference; lastKnownFileType = folder.skatlas; path = pEgg_crack2.atlas; sourceTree = "<group>"; };
		9653DB1A1AAEFA25005103F8 /* pEgg_crack3.atlas */ = {isa = PBXFileReference; lastKnownFileType = folder.skatlas; path = pEgg_crack3.atlas; sourceTree = "<group>"; };
		9653DB1B1AAEFA25005103F8 /* pEgg_new.atlas */ = {isa = PBXFileReference; lastKnownFileType = folder.skatlas; path = pEgg_new.atlas; sourceTree = "<group>"; };
		9653DB201AAEFD8E005103F8 /* eggCell.swift */ = {isa = PBXFileReference; fileEncoding = 4; lastKnownFileType = sourcecode.swift; path = eggCell.swift; sourceTree = "<group>"; };
		9653DB221AAF0463005103F8 /* pEgg.png */ = {isa = PBXFileReference; lastKnownFileType = image.png; path = pEgg.png; sourceTree = "<group>"; };
		9653DB231AAF0463005103F8 /* pEgg@2x.png */ = {isa = PBXFileReference; lastKnownFileType = image.png; path = "pEgg@2x.png"; sourceTree = "<group>"; };
		9653DB241AAF0463005103F8 /* pEgg@3x.png */ = {isa = PBXFileReference; lastKnownFileType = image.png; path = "pEgg@3x.png"; sourceTree = "<group>"; };
		9653DB2A1AAF0B1E005103F8 /* EggObject.swift */ = {isa = PBXFileReference; fileEncoding = 4; lastKnownFileType = sourcecode.swift; path = EggObject.swift; sourceTree = "<group>"; };
		9653DB2C1AAF134F005103F8 /* EggScene.swift */ = {isa = PBXFileReference; fileEncoding = 4; lastKnownFileType = sourcecode.swift; path = EggScene.swift; sourceTree = "<group>"; };
		96802ABC1AA8D1C000B9AAF3 /* Crealings.app */ = {isa = PBXFileReference; explicitFileType = wrapper.application; includeInIndex = 0; path = Crealings.app; sourceTree = BUILT_PRODUCTS_DIR; };
		96802AC01AA8D1C000B9AAF3 /* Info.plist */ = {isa = PBXFileReference; lastKnownFileType = text.plist.xml; path = Info.plist; sourceTree = "<group>"; };
		96802AC11AA8D1C000B9AAF3 /* AppDelegate.swift */ = {isa = PBXFileReference; lastKnownFileType = sourcecode.swift; path = AppDelegate.swift; sourceTree = "<group>"; };
		96802AC51AA8D1C000B9AAF3 /* GameScene.swift */ = {isa = PBXFileReference; lastKnownFileType = sourcecode.swift; path = GameScene.swift; sourceTree = "<group>"; };
		96802AC71AA8D1C000B9AAF3 /* GameViewController.swift */ = {isa = PBXFileReference; lastKnownFileType = sourcecode.swift; path = GameViewController.swift; sourceTree = "<group>"; };
		96802ACA1AA8D1C000B9AAF3 /* Base */ = {isa = PBXFileReference; lastKnownFileType = file.storyboard; name = Base; path = Base.lproj/Main.storyboard; sourceTree = "<group>"; };
		96802ACC1AA8D1C000B9AAF3 /* Images.xcassets */ = {isa = PBXFileReference; lastKnownFileType = folder.assetcatalog; path = Images.xcassets; sourceTree = "<group>"; };
		96802ACF1AA8D1C000B9AAF3 /* Base */ = {isa = PBXFileReference; lastKnownFileType = file.xib; name = Base; path = Base.lproj/LaunchScreen.xib; sourceTree = "<group>"; };
		96802AD51AA8D1C000B9AAF3 /* CrealingsTests.xctest */ = {isa = PBXFileReference; explicitFileType = wrapper.cfbundle; includeInIndex = 0; path = CrealingsTests.xctest; sourceTree = BUILT_PRODUCTS_DIR; };
		96802ADA1AA8D1C000B9AAF3 /* Info.plist */ = {isa = PBXFileReference; lastKnownFileType = text.plist.xml; path = Info.plist; sourceTree = "<group>"; };
		96802ADB1AA8D1C000B9AAF3 /* CrealingsTests.swift */ = {isa = PBXFileReference; lastKnownFileType = sourcecode.swift; path = CrealingsTests.swift; sourceTree = "<group>"; };
		96802AE51AA8D27800B9AAF3 /* Crealing.swift */ = {isa = PBXFileReference; fileEncoding = 4; lastKnownFileType = sourcecode.swift; path = Crealing.swift; sourceTree = "<group>"; };
		96802B1B1AAB4B5800B9AAF3 /* pHappy.atlas */ = {isa = PBXFileReference; lastKnownFileType = folder.skatlas; path = pHappy.atlas; sourceTree = "<group>"; };
		96802B1C1AAB4B5800B9AAF3 /* pMoreHappy.atlas */ = {isa = PBXFileReference; lastKnownFileType = folder.skatlas; path = pMoreHappy.atlas; sourceTree = "<group>"; };
		96802B1D1AAB4B5800B9AAF3 /* pVeryHappy.atlas */ = {isa = PBXFileReference; lastKnownFileType = folder.skatlas; path = pVeryHappy.atlas; sourceTree = "<group>"; };
		96802B1E1AAB4B5800B9AAF3 /* pVerySad.atlas */ = {isa = PBXFileReference; lastKnownFileType = folder.skatlas; path = pVerySad.atlas; sourceTree = "<group>"; };
		96802B231AAB756F00B9AAF3 /* pNeutral.atlas */ = {isa = PBXFileReference; lastKnownFileType = folder.skatlas; path = pNeutral.atlas; sourceTree = "<group>"; };
		96802B251AAB7DBA00B9AAF3 /* pUnhappy.atlas */ = {isa = PBXFileReference; lastKnownFileType = folder.skatlas; path = pUnhappy.atlas; sourceTree = "<group>"; };
		96802B271AAB801900B9AAF3 /* pSad.atlas */ = {isa = PBXFileReference; lastKnownFileType = folder.skatlas; path = pSad.atlas; sourceTree = "<group>"; };
		96802B291AAB8C0B00B9AAF3 /* pDying.atlas */ = {isa = PBXFileReference; lastKnownFileType = folder.skatlas; path = pDying.atlas; sourceTree = "<group>"; };
		96F35FCF1AAE7BE700105F55 /* Status.swift */ = {isa = PBXFileReference; fileEncoding = 4; lastKnownFileType = sourcecode.swift; path = Status.swift; sourceTree = "<group>"; };
		96F35FD31AAE956100105F55 /* StartViewController.swift */ = {isa = PBXFileReference; fileEncoding = 4; lastKnownFileType = sourcecode.swift; path = StartViewController.swift; sourceTree = "<group>"; };
		96F35FD51AAEA2C200105F55 /* NewGameViewController.swift */ = {isa = PBXFileReference; fileEncoding = 4; lastKnownFileType = sourcecode.swift; path = NewGameViewController.swift; sourceTree = "<group>"; };
/* End PBXFileReference section */

/* Begin PBXFrameworksBuildPhase section */
		96802AB91AA8D1C000B9AAF3 /* Frameworks */ = {
			isa = PBXFrameworksBuildPhase;
			buildActionMask = 2147483647;
			files = (
				962366C31AAF940E0008010B /* AVFoundation.framework in Frameworks */,
			);
			runOnlyForDeploymentPostprocessing = 0;
		};
		96802AD21AA8D1C000B9AAF3 /* Frameworks */ = {
			isa = PBXFrameworksBuildPhase;
			buildActionMask = 2147483647;
			files = (
			);
			runOnlyForDeploymentPostprocessing = 0;
		};
/* End PBXFrameworksBuildPhase section */

/* Begin PBXGroup section */
		9623665C1AAF76D70008010B /* bHatchling */ = {
			isa = PBXGroup;
			children = (
				9623665D1AAF76D70008010B /* bDying.atlas */,
				9623665E1AAF76D70008010B /* bHappy.atlas */,
				9623665F1AAF76D70008010B /* bMoreHappy.atlas */,
				962366601AAF76D70008010B /* bNeutral.atlas */,
				962366611AAF76D70008010B /* bSad.atlas */,
				962366621AAF76D70008010B /* bUnhappy.atlas */,
				962366631AAF76D70008010B /* bVeryHappy.atlas */,
				962366641AAF76D70008010B /* bVerySad.atlas */,
			);
			path = bHatchling;
			sourceTree = "<group>";
		};
		962366AF1AAF78B00008010B /* bEgg */ = {
			isa = PBXGroup;
			children = (
				962366B01AAF78B00008010B /* bEgg.png */,
				962366B11AAF78B00008010B /* bEgg@2x.png */,
				962366B21AAF78B00008010B /* bEgg@3x.png */,
				962366B31AAF78B00008010B /* bEgg_crack1.atlas */,
				962366B41AAF78B00008010B /* bEgg_crack2.atlas */,
				962366B51AAF78B00008010B /* bEgg_crack3.atlas */,
				962366B61AAF78B00008010B /* bEgg_new.atlas */,
			);
			path = bEgg;
			sourceTree = "<group>";
		};
		962366C41AAF944A0008010B /* Sounds */ = {
			isa = PBXGroup;
			children = (
				962366C71AAF94E50008010B /* triangle.wav */,
				962366C51AAF944A0008010B /* eggDrop.wav */,
			);
			path = Sounds;
			sourceTree = "<group>";
		};
		962366CB1AAF9B790008010B /* UI */ = {
			isa = PBXGroup;
			children = (
				962366CC1AAF9B790008010B /* background1.png */,
				962366CD1AAF9B790008010B /* background1@2x.png */,
				962366CE1AAF9B790008010B /* logo.png */,
				962366CF1AAF9B790008010B /* start.png */,
				962366D01AAF9B790008010B /* start@2x.png */,
				962366D11AAF9B790008010B /* start@3x.png */,
			);
			path = UI;
			sourceTree = "<group>";
		};
		9644A9421AAD9F2500FBD86C /* StatusBars */ = {
			isa = PBXGroup;
			children = (
				9644A96D1AADB4E200FBD86C /* Gradient.atlas */,
				9644A9431AAD9F2500FBD86C /* bar_energy.png */,
				9644A9441AAD9F2500FBD86C /* bar_energy@2x.png */,
				9644A9451AAD9F2500FBD86C /* bar_energy@3x.png */,
				9644A9461AAD9F2500FBD86C /* bar_fun.png */,
				9644A9471AAD9F2500FBD86C /* bar_fun@2x.png */,
				9644A9481AAD9F2500FBD86C /* bar_fun@3x.png */,
				9644A9491AAD9F2500FBD86C /* bar_happiness.png */,
				9644A94A1AAD9F2500FBD86C /* bar_happiness@2x.png */,
				9644A94B1AAD9F2500FBD86C /* bar_happiness@3x.png */,
				9644A94C1AAD9F2500FBD86C /* bar_hunger.png */,
				9644A94D1AAD9F2500FBD86C /* bar_hunger@2x.png */,
				9644A94E1AAD9F2500FBD86C /* bar_hunger@3x.png */,
				9644A94F1AAD9F2500FBD86C /* bar_hygiene.png */,
				9644A9501AAD9F2500FBD86C /* bar_hygiene@2x.png */,
				9644A9511AAD9F2500FBD86C /* bar_hygiene@3x.png */,
				9644A9521AAD9F2500FBD86C /* bar_thirst.png */,
				9644A9531AAD9F2500FBD86C /* bar_thirst@2x.png */,
				9644A9541AAD9F2500FBD86C /* bar_thirst@3x.png */,
			);
			path = StatusBars;
			sourceTree = "<group>";
		};
		9653DB171AAEFA25005103F8 /* pEgg */ = {
			isa = PBXGroup;
			children = (
				9653DB221AAF0463005103F8 /* pEgg.png */,
				9653DB231AAF0463005103F8 /* pEgg@2x.png */,
				9653DB241AAF0463005103F8 /* pEgg@3x.png */,
				9653DB181AAEFA25005103F8 /* pEgg_crack1.atlas */,
				9653DB191AAEFA25005103F8 /* pEgg_crack2.atlas */,
				9653DB1A1AAEFA25005103F8 /* pEgg_crack3.atlas */,
				9653DB1B1AAEFA25005103F8 /* pEgg_new.atlas */,
			);
			path = pEgg;
			sourceTree = "<group>";
		};
		96802AB31AA8D1C000B9AAF3 = {
			isa = PBXGroup;
			children = (
				962366C21AAF940E0008010B /* AVFoundation.framework */,
				96802ABE1AA8D1C000B9AAF3 /* Crealings */,
				96802AD81AA8D1C000B9AAF3 /* CrealingsTests */,
				96802ABD1AA8D1C000B9AAF3 /* Products */,
			);
			sourceTree = "<group>";
		};
		96802ABD1AA8D1C000B9AAF3 /* Products */ = {
			isa = PBXGroup;
			children = (
				96802ABC1AA8D1C000B9AAF3 /* Crealings.app */,
				96802AD51AA8D1C000B9AAF3 /* CrealingsTests.xctest */,
			);
			name = Products;
			sourceTree = "<group>";
		};
		96802ABE1AA8D1C000B9AAF3 /* Crealings */ = {
			isa = PBXGroup;
			children = (
				96802AE71AA8D9DB00B9AAF3 /* Assets */,
				96802AC11AA8D1C000B9AAF3 /* AppDelegate.swift */,
				96F35FD21AAE94CE00105F55 /* View Controllers */,
				96F35FD11AAE94AE00105F55 /* Game */,
				9653DB201AAEFD8E005103F8 /* eggCell.swift */,
				9653DB2A1AAF0B1E005103F8 /* EggObject.swift */,
				962366C01AAF91FA0008010B /* SoundFX.swift */,
				96802AC91AA8D1C000B9AAF3 /* Main.storyboard */,
				96802ACC1AA8D1C000B9AAF3 /* Images.xcassets */,
				96802ACE1AA8D1C000B9AAF3 /* LaunchScreen.xib */,
				96802ABF1AA8D1C000B9AAF3 /* Supporting Files */,
			);
			path = Crealings;
			sourceTree = "<group>";
		};
		96802ABF1AA8D1C000B9AAF3 /* Supporting Files */ = {
			isa = PBXGroup;
			children = (
				96802AC01AA8D1C000B9AAF3 /* Info.plist */,
			);
			name = "Supporting Files";
			sourceTree = "<group>";
		};
		96802AD81AA8D1C000B9AAF3 /* CrealingsTests */ = {
			isa = PBXGroup;
			children = (
				96802ADB1AA8D1C000B9AAF3 /* CrealingsTests.swift */,
				96802AD91AA8D1C000B9AAF3 /* Supporting Files */,
			);
			path = CrealingsTests;
			sourceTree = "<group>";
		};
		96802AD91AA8D1C000B9AAF3 /* Supporting Files */ = {
			isa = PBXGroup;
			children = (
				96802ADA1AA8D1C000B9AAF3 /* Info.plist */,
			);
			name = "Supporting Files";
			sourceTree = "<group>";
		};
		96802AE71AA8D9DB00B9AAF3 /* Assets */ = {
			isa = PBXGroup;
			children = (
				962366CB1AAF9B790008010B /* UI */,
				962366C41AAF944A0008010B /* Sounds */,
				962366AF1AAF78B00008010B /* bEgg */,
				9623665C1AAF76D70008010B /* bHatchling */,
				9653DB171AAEFA25005103F8 /* pEgg */,
				9644A9421AAD9F2500FBD86C /* StatusBars */,
				96802B1A1AAB4B5800B9AAF3 /* PHatchling */,
			);
			path = Assets;
			sourceTree = "<group>";
		};
		96802B1A1AAB4B5800B9AAF3 /* PHatchling */ = {
			isa = PBXGroup;
			children = (
				96802B291AAB8C0B00B9AAF3 /* pDying.atlas */,
				96802B271AAB801900B9AAF3 /* pSad.atlas */,
				96802B251AAB7DBA00B9AAF3 /* pUnhappy.atlas */,
				96802B231AAB756F00B9AAF3 /* pNeutral.atlas */,
				96802B1B1AAB4B5800B9AAF3 /* pHappy.atlas */,
				96802B1C1AAB4B5800B9AAF3 /* pMoreHappy.atlas */,
				96802B1D1AAB4B5800B9AAF3 /* pVeryHappy.atlas */,
				96802B1E1AAB4B5800B9AAF3 /* pVerySad.atlas */,
			);
			path = PHatchling;
			sourceTree = "<group>";
		};
		96F35FD11AAE94AE00105F55 /* Game */ = {
			isa = PBXGroup;
			children = (
				96802AC51AA8D1C000B9AAF3 /* GameScene.swift */,
				96802AE51AA8D27800B9AAF3 /* Crealing.swift */,
				9653DB2C1AAF134F005103F8 /* EggScene.swift */,
				9653DB131AAEE328005103F8 /* Egg.swift */,
				96F35FCF1AAE7BE700105F55 /* Status.swift */,
				9644A9191AAD771D00FBD86C /* StatusBar.swift */,
			);
			name = Game;
			sourceTree = "<group>";
		};
		96F35FD21AAE94CE00105F55 /* View Controllers */ = {
			isa = PBXGroup;
			children = (
				96802AC71AA8D1C000B9AAF3 /* GameViewController.swift */,
				96F35FD31AAE956100105F55 /* StartViewController.swift */,
				96F35FD51AAEA2C200105F55 /* NewGameViewController.swift */,
				9653DB111AAED808005103F8 /* ChooseEggViewController.swift */,
			);
			name = "View Controllers";
			sourceTree = "<group>";
		};
/* End PBXGroup section */

/* Begin PBXNativeTarget section */
		96802ABB1AA8D1C000B9AAF3 /* Crealings */ = {
			isa = PBXNativeTarget;
			buildConfigurationList = 96802ADF1AA8D1C000B9AAF3 /* Build configuration list for PBXNativeTarget "Crealings" */;
			buildPhases = (
				96802AB81AA8D1C000B9AAF3 /* Sources */,
				96802AB91AA8D1C000B9AAF3 /* Frameworks */,
				96802ABA1AA8D1C000B9AAF3 /* Resources */,
			);
			buildRules = (
			);
			dependencies = (
			);
			name = Crealings;
			productName = Crealings;
			productReference = 96802ABC1AA8D1C000B9AAF3 /* Crealings.app */;
			productType = "com.apple.product-type.application";
		};
		96802AD41AA8D1C000B9AAF3 /* CrealingsTests */ = {
			isa = PBXNativeTarget;
			buildConfigurationList = 96802AE21AA8D1C000B9AAF3 /* Build configuration list for PBXNativeTarget "CrealingsTests" */;
			buildPhases = (
				96802AD11AA8D1C000B9AAF3 /* Sources */,
				96802AD21AA8D1C000B9AAF3 /* Frameworks */,
				96802AD31AA8D1C000B9AAF3 /* Resources */,
			);
			buildRules = (
			);
			dependencies = (
				96802AD71AA8D1C000B9AAF3 /* PBXTargetDependency */,
			);
			name = CrealingsTests;
			productName = CrealingsTests;
			productReference = 96802AD51AA8D1C000B9AAF3 /* CrealingsTests.xctest */;
			productType = "com.apple.product-type.bundle.unit-test";
		};
/* End PBXNativeTarget section */

/* Begin PBXProject section */
		96802AB41AA8D1C000B9AAF3 /* Project object */ = {
			isa = PBXProject;
			attributes = {
				LastUpgradeCheck = 0610;
				ORGANIZATIONNAME = "Amber Miller";
				TargetAttributes = {
					96802ABB1AA8D1C000B9AAF3 = {
						CreatedOnToolsVersion = 6.1.1;
					};
					96802AD41AA8D1C000B9AAF3 = {
						CreatedOnToolsVersion = 6.1.1;
						TestTargetID = 96802ABB1AA8D1C000B9AAF3;
					};
				};
			};
			buildConfigurationList = 96802AB71AA8D1C000B9AAF3 /* Build configuration list for PBXProject "Crealings" */;
			compatibilityVersion = "Xcode 3.2";
			developmentRegion = English;
			hasScannedForEncodings = 0;
			knownRegions = (
				en,
				Base,
			);
			mainGroup = 96802AB31AA8D1C000B9AAF3;
			productRefGroup = 96802ABD1AA8D1C000B9AAF3 /* Products */;
			projectDirPath = "";
			projectRoot = "";
			targets = (
				96802ABB1AA8D1C000B9AAF3 /* Crealings */,
				96802AD41AA8D1C000B9AAF3 /* CrealingsTests */,
			);
		};
/* End PBXProject section */

/* Begin PBXResourcesBuildPhase section */
		96802ABA1AA8D1C000B9AAF3 /* Resources */ = {
			isa = PBXResourcesBuildPhase;
			buildActionMask = 2147483647;
			files = (
				96802B2A1AAB8C0B00B9AAF3 /* pDying.atlas in Resources */,
				9623666C1AAF76D70008010B /* bVerySad.atlas in Resources */,
				962366D51AAF9B790008010B /* start.png in Resources */,
				9644A95B1AAD9F2500FBD86C /* bar_fun.png in Resources */,
				962366681AAF76D70008010B /* bNeutral.atlas in Resources */,
				962366671AAF76D70008010B /* bMoreHappy.atlas in Resources */,
				962366BC1AAF78B00008010B /* bEgg_crack3.atlas in Resources */,
				962366B71AAF78B00008010B /* bEgg.png in Resources */,
				962366C61AAF944A0008010B /* eggDrop.wav in Resources */,
				96802B201AAB4B5800B9AAF3 /* pMoreHappy.atlas in Resources */,
				96802AD01AA8D1C000B9AAF3 /* LaunchScreen.xib in Resources */,
				9644A9651AAD9F2500FBD86C /* bar_hygiene@2x.png in Resources */,
				9644A95A1AAD9F2500FBD86C /* bar_energy@3x.png in Resources */,
				962366661AAF76D70008010B /* bHappy.atlas in Resources */,
				96802B261AAB7DBA00B9AAF3 /* pUnhappy.atlas in Resources */,
				9623666B1AAF76D70008010B /* bVeryHappy.atlas in Resources */,
				9653DB261AAF0463005103F8 /* pEgg@2x.png in Resources */,
				962366D31AAF9B790008010B /* background1@2x.png in Resources */,
				9653DB271AAF0463005103F8 /* pEgg@3x.png in Resources */,
				9644A9631AAD9F2500FBD86C /* bar_hunger@3x.png in Resources */,
				96802B1F1AAB4B5800B9AAF3 /* pHappy.atlas in Resources */,
				962366C81AAF94E50008010B /* triangle.wav in Resources */,
				9644A95F1AAD9F2500FBD86C /* bar_happiness@2x.png in Resources */,
				96802B211AAB4B5800B9AAF3 /* pVeryHappy.atlas in Resources */,
				9644A9691AAD9F2500FBD86C /* bar_thirst@3x.png in Resources */,
				962366D21AAF9B790008010B /* background1.png in Resources */,
				9653DB1D1AAEFA25005103F8 /* pEgg_crack2.atlas in Resources */,
				9644A95C1AAD9F2500FBD86C /* bar_fun@2x.png in Resources */,
				9653DB1C1AAEFA25005103F8 /* pEgg_crack1.atlas in Resources */,
				96802B281AAB801900B9AAF3 /* pSad.atlas in Resources */,
				962366651AAF76D70008010B /* bDying.atlas in Resources */,
				962366B81AAF78B00008010B /* bEgg@2x.png in Resources */,
				962366BB1AAF78B00008010B /* bEgg_crack2.atlas in Resources */,
				9644A9581AAD9F2500FBD86C /* bar_energy.png in Resources */,
				962366BA1AAF78B00008010B /* bEgg_crack1.atlas in Resources */,
				96802B241AAB756F00B9AAF3 /* pNeutral.atlas in Resources */,
				9644A9601AAD9F2500FBD86C /* bar_happiness@3x.png in Resources */,
				9644A9591AAD9F2500FBD86C /* bar_energy@2x.png in Resources */,
				9644A9621AAD9F2500FBD86C /* bar_hunger@2x.png in Resources */,
				9644A9611AAD9F2500FBD86C /* bar_hunger.png in Resources */,
				962366D61AAF9B790008010B /* start@2x.png in Resources */,
				9623666A1AAF76D70008010B /* bUnhappy.atlas in Resources */,
				9644A9671AAD9F2500FBD86C /* bar_thirst.png in Resources */,
				9644A95D1AAD9F2500FBD86C /* bar_fun@3x.png in Resources */,
				962366B91AAF78B00008010B /* bEgg@3x.png in Resources */,
				96802ACD1AA8D1C000B9AAF3 /* Images.xcassets in Resources */,
				9644A9661AAD9F2500FBD86C /* bar_hygiene@3x.png in Resources */,
				962366691AAF76D70008010B /* bSad.atlas in Resources */,
				962366D71AAF9B790008010B /* start@3x.png in Resources */,
				9653DB251AAF0463005103F8 /* pEgg.png in Resources */,
				96802ACB1AA8D1C000B9AAF3 /* Main.storyboard in Resources */,
				9644A96E1AADB4E200FBD86C /* Gradient.atlas in Resources */,
				9644A9681AAD9F2500FBD86C /* bar_thirst@2x.png in Resources */,
				962366D41AAF9B790008010B /* logo.png in Resources */,
				96802B221AAB4B5800B9AAF3 /* pVerySad.atlas in Resources */,
				9644A95E1AAD9F2500FBD86C /* bar_happiness.png in Resources */,
				9644A9641AAD9F2500FBD86C /* bar_hygiene.png in Resources */,
				9653DB1E1AAEFA25005103F8 /* pEgg_crack3.atlas in Resources */,
				962366BD1AAF78B00008010B /* bEgg_new.atlas in Resources */,
				9653DB1F1AAEFA25005103F8 /* pEgg_new.atlas in Resources */,
			);
			runOnlyForDeploymentPostprocessing = 0;
		};
		96802AD31AA8D1C000B9AAF3 /* Resources */ = {
			isa = PBXResourcesBuildPhase;
			buildActionMask = 2147483647;
			files = (
			);
			runOnlyForDeploymentPostprocessing = 0;
		};
/* End PBXResourcesBuildPhase section */

/* Begin PBXSourcesBuildPhase section */
		96802AB81AA8D1C000B9AAF3 /* Sources */ = {
			isa = PBXSourcesBuildPhase;
			buildActionMask = 2147483647;
			files = (
				9653DB2B1AAF0B1E005103F8 /* EggObject.swift in Sources */,
				9644A91A1AAD771D00FBD86C /* StatusBar.swift in Sources */,
				96F35FD61AAEA2C200105F55 /* NewGameViewController.swift in Sources */,
				96802AC61AA8D1C000B9AAF3 /* GameScene.swift in Sources */,
				96F35FD41AAE956100105F55 /* StartViewController.swift in Sources */,
				96F35FD01AAE7BE700105F55 /* Status.swift in Sources */,
				9653DB2D1AAF134F005103F8 /* EggScene.swift in Sources */,
				9653DB141AAEE328005103F8 /* Egg.swift in Sources */,
				96802AC81AA8D1C000B9AAF3 /* GameViewController.swift in Sources */,
				96802AE61AA8D27800B9AAF3 /* Crealing.swift in Sources */,
				96802AC21AA8D1C000B9AAF3 /* AppDelegate.swift in Sources */,
				9653DB121AAED808005103F8 /* ChooseEggViewController.swift in Sources */,
				9653DB211AAEFD8E005103F8 /* eggCell.swift in Sources */,
				962366C11AAF91FA0008010B /* SoundFX.swift in Sources */,
			);
			runOnlyForDeploymentPostprocessing = 0;
		};
		96802AD11AA8D1C000B9AAF3 /* Sources */ = {
			isa = PBXSourcesBuildPhase;
			buildActionMask = 2147483647;
			files = (
				96802ADC1AA8D1C000B9AAF3 /* CrealingsTests.swift in Sources */,
			);
			runOnlyForDeploymentPostprocessing = 0;
		};
/* End PBXSourcesBuildPhase section */

/* Begin PBXTargetDependency section */
		96802AD71AA8D1C000B9AAF3 /* PBXTargetDependency */ = {
			isa = PBXTargetDependency;
			target = 96802ABB1AA8D1C000B9AAF3 /* Crealings */;
			targetProxy = 96802AD61AA8D1C000B9AAF3 /* PBXContainerItemProxy */;
		};
/* End PBXTargetDependency section */

/* Begin PBXVariantGroup section */
		96802AC91AA8D1C000B9AAF3 /* Main.storyboard */ = {
			isa = PBXVariantGroup;
			children = (
				96802ACA1AA8D1C000B9AAF3 /* Base */,
			);
			name = Main.storyboard;
			sourceTree = "<group>";
		};
		96802ACE1AA8D1C000B9AAF3 /* LaunchScreen.xib */ = {
			isa = PBXVariantGroup;
			children = (
				96802ACF1AA8D1C000B9AAF3 /* Base */,
			);
			name = LaunchScreen.xib;
			sourceTree = "<group>";
		};
/* End PBXVariantGroup section */

/* Begin XCBuildConfiguration section */
		96802ADD1AA8D1C000B9AAF3 /* Debug */ = {
			isa = XCBuildConfiguration;
			buildSettings = {
				ALWAYS_SEARCH_USER_PATHS = NO;
				CLANG_CXX_LANGUAGE_STANDARD = "gnu++0x";
				CLANG_CXX_LIBRARY = "libc++";
				CLANG_ENABLE_MODULES = YES;
				CLANG_ENABLE_OBJC_ARC = YES;
				CLANG_WARN_BOOL_CONVERSION = YES;
				CLANG_WARN_CONSTANT_CONVERSION = YES;
				CLANG_WARN_DIRECT_OBJC_ISA_USAGE = YES_ERROR;
				CLANG_WARN_EMPTY_BODY = YES;
				CLANG_WARN_ENUM_CONVERSION = YES;
				CLANG_WARN_INT_CONVERSION = YES;
				CLANG_WARN_OBJC_ROOT_CLASS = YES_ERROR;
				CLANG_WARN_UNREACHABLE_CODE = YES;
				CLANG_WARN__DUPLICATE_METHOD_MATCH = YES;
				"CODE_SIGN_IDENTITY[sdk=iphoneos*]" = "iPhone Developer";
				COPY_PHASE_STRIP = NO;
				ENABLE_STRICT_OBJC_MSGSEND = YES;
				GCC_C_LANGUAGE_STANDARD = gnu99;
				GCC_DYNAMIC_NO_PIC = NO;
				GCC_OPTIMIZATION_LEVEL = 0;
				GCC_PREPROCESSOR_DEFINITIONS = (
					"DEBUG=1",
					"$(inherited)",
				);
				GCC_SYMBOLS_PRIVATE_EXTERN = NO;
				GCC_WARN_64_TO_32_BIT_CONVERSION = YES;
				GCC_WARN_ABOUT_RETURN_TYPE = YES_ERROR;
				GCC_WARN_UNDECLARED_SELECTOR = YES;
				GCC_WARN_UNINITIALIZED_AUTOS = YES_AGGRESSIVE;
				GCC_WARN_UNUSED_FUNCTION = YES;
				GCC_WARN_UNUSED_VARIABLE = YES;
				IPHONEOS_DEPLOYMENT_TARGET = 8.1;
				MTL_ENABLE_DEBUG_INFO = YES;
				ONLY_ACTIVE_ARCH = YES;
				SDKROOT = iphoneos;
				SWIFT_OPTIMIZATION_LEVEL = "-Onone";
			};
			name = Debug;
		};
		96802ADE1AA8D1C000B9AAF3 /* Release */ = {
			isa = XCBuildConfiguration;
			buildSettings = {
				ALWAYS_SEARCH_USER_PATHS = NO;
				CLANG_CXX_LANGUAGE_STANDARD = "gnu++0x";
				CLANG_CXX_LIBRARY = "libc++";
				CLANG_ENABLE_MODULES = YES;
				CLANG_ENABLE_OBJC_ARC = YES;
				CLANG_WARN_BOOL_CONVERSION = YES;
				CLANG_WARN_CONSTANT_CONVERSION = YES;
				CLANG_WARN_DIRECT_OBJC_ISA_USAGE = YES_ERROR;
				CLANG_WARN_EMPTY_BODY = YES;
				CLANG_WARN_ENUM_CONVERSION = YES;
				CLANG_WARN_INT_CONVERSION = YES;
				CLANG_WARN_OBJC_ROOT_CLASS = YES_ERROR;
				CLANG_WARN_UNREACHABLE_CODE = YES;
				CLANG_WARN__DUPLICATE_METHOD_MATCH = YES;
				"CODE_SIGN_IDENTITY[sdk=iphoneos*]" = "iPhone Developer";
				COPY_PHASE_STRIP = YES;
				ENABLE_NS_ASSERTIONS = NO;
				ENABLE_STRICT_OBJC_MSGSEND = YES;
				GCC_C_LANGUAGE_STANDARD = gnu99;
				GCC_WARN_64_TO_32_BIT_CONVERSION = YES;
				GCC_WARN_ABOUT_RETURN_TYPE = YES_ERROR;
				GCC_WARN_UNDECLARED_SELECTOR = YES;
				GCC_WARN_UNINITIALIZED_AUTOS = YES_AGGRESSIVE;
				GCC_WARN_UNUSED_FUNCTION = YES;
				GCC_WARN_UNUSED_VARIABLE = YES;
				IPHONEOS_DEPLOYMENT_TARGET = 8.1;
				MTL_ENABLE_DEBUG_INFO = NO;
				SDKROOT = iphoneos;
				VALIDATE_PRODUCT = YES;
			};
			name = Release;
		};
		96802AE01AA8D1C000B9AAF3 /* Debug */ = {
			isa = XCBuildConfiguration;
			buildSettings = {
				ASSETCATALOG_COMPILER_APPICON_NAME = AppIcon;
				INFOPLIST_FILE = Crealings/Info.plist;
				LD_RUNPATH_SEARCH_PATHS = "$(inherited) @executable_path/Frameworks";
				PRODUCT_NAME = "$(TARGET_NAME)";
				TARGETED_DEVICE_FAMILY = "1,2";
			};
			name = Debug;
		};
		96802AE11AA8D1C000B9AAF3 /* Release */ = {
			isa = XCBuildConfiguration;
			buildSettings = {
				ASSETCATALOG_COMPILER_APPICON_NAME = AppIcon;
				INFOPLIST_FILE = Crealings/Info.plist;
				LD_RUNPATH_SEARCH_PATHS = "$(inherited) @executable_path/Frameworks";
				PRODUCT_NAME = "$(TARGET_NAME)";
				TARGETED_DEVICE_FAMILY = "1,2";
			};
			name = Release;
		};
		96802AE31AA8D1C000B9AAF3 /* Debug */ = {
			isa = XCBuildConfiguration;
			buildSettings = {
				BUNDLE_LOADER = "$(TEST_HOST)";
				FRAMEWORK_SEARCH_PATHS = (
					"$(SDKROOT)/Developer/Library/Frameworks",
					"$(inherited)",
				);
				GCC_PREPROCESSOR_DEFINITIONS = (
					"DEBUG=1",
					"$(inherited)",
				);
				INFOPLIST_FILE = CrealingsTests/Info.plist;
				LD_RUNPATH_SEARCH_PATHS = "$(inherited) @executable_path/Frameworks @loader_path/Frameworks";
				PRODUCT_NAME = "$(TARGET_NAME)";
				TEST_HOST = "$(BUILT_PRODUCTS_DIR)/Crealings.app/Crealings";
			};
			name = Debug;
		};
		96802AE41AA8D1C000B9AAF3 /* Release */ = {
			isa = XCBuildConfiguration;
			buildSettings = {
				BUNDLE_LOADER = "$(TEST_HOST)";
				FRAMEWORK_SEARCH_PATHS = (
					"$(SDKROOT)/Developer/Library/Frameworks",
					"$(inherited)",
				);
				INFOPLIST_FILE = CrealingsTests/Info.plist;
				LD_RUNPATH_SEARCH_PATHS = "$(inherited) @executable_path/Frameworks @loader_path/Frameworks";
				PRODUCT_NAME = "$(TARGET_NAME)";
				TEST_HOST = "$(BUILT_PRODUCTS_DIR)/Crealings.app/Crealings";
			};
			name = Release;
		};
/* End XCBuildConfiguration section */

/* Begin XCConfigurationList section */
		96802AB71AA8D1C000B9AAF3 /* Build configuration list for PBXProject "Crealings" */ = {
			isa = XCConfigurationList;
			buildConfigurations = (
				96802ADD1AA8D1C000B9AAF3 /* Debug */,
				96802ADE1AA8D1C000B9AAF3 /* Release */,
			);
			defaultConfigurationIsVisible = 0;
			defaultConfigurationName = Release;
		};
		96802ADF1AA8D1C000B9AAF3 /* Build configuration list for PBXNativeTarget "Crealings" */ = {
			isa = XCConfigurationList;
			buildConfigurations = (
				96802AE01AA8D1C000B9AAF3 /* Debug */,
				96802AE11AA8D1C000B9AAF3 /* Release */,
			);
			defaultConfigurationIsVisible = 0;
			defaultConfigurationName = Release;
		};
		96802AE21AA8D1C000B9AAF3 /* Build configuration list for PBXNativeTarget "CrealingsTests" */ = {
			isa = XCConfigurationList;
			buildConfigurations = (
				96802AE31AA8D1C000B9AAF3 /* Debug */,
				96802AE41AA8D1C000B9AAF3 /* Release */,
			);
			defaultConfigurationIsVisible = 0;
			defaultConfigurationName = Release;
		};
/* End XCConfigurationList section */
	};
	rootObject = 96802AB41AA8D1C000B9AAF3 /* Project object */;
}
